// !$*UTF8*$!
{
	archiveVersion = 1;
	classes = {
	};
	objectVersion = 46;
	objects = {

/* Begin PBXBuildFile section */
		F4D5A0AE1CEE2D8F00562D79 /* AppDelegate.m in Sources */ = {isa = PBXBuildFile; fileRef = F4D5A0AD1CEE2D8F00562D79 /* AppDelegate.m */; };
		F4D5A0B11CEE2D8F00562D79 /* main.m in Sources */ = {isa = PBXBuildFile; fileRef = F4D5A0B01CEE2D8F00562D79 /* main.m */; };
		F4D5A0B31CEE2D8F00562D79 /* Assets.xcassets in Resources */ = {isa = PBXBuildFile; fileRef = F4D5A0B21CEE2D8F00562D79 /* Assets.xcassets */; };
		F4D5A0B61CEE2D8F00562D79 /* MainMenu.xib in Resources */ = {isa = PBXBuildFile; fileRef = F4D5A0B41CEE2D8F00562D79 /* MainMenu.xib */; };
/* End PBXBuildFile section */

/* Begin PBXFileReference section */
		F4D5A0A91CEE2D8F00562D79 /* OSXCocoaPodsTester.app */ = {isa = PBXFileReference; explicitFileType = wrapper.application; includeInIndex = 0; path = OSXCocoaPodsTester.app; sourceTree = BUILT_PRODUCTS_DIR; };
		F4D5A0AC1CEE2D8F00562D79 /* AppDelegate.h */ = {isa = PBXFileReference; lastKnownFileType = sourcecode.c.h; path = AppDelegate.h; sourceTree = "<group>"; };
		F4D5A0AD1CEE2D8F00562D79 /* AppDelegate.m */ = {isa = PBXFileReference; lastKnownFileType = sourcecode.c.objc; path = AppDelegate.m; sourceTree = "<group>"; };
		F4D5A0B01CEE2D8F00562D79 /* main.m */ = {isa = PBXFileReference; lastKnownFileType = sourcecode.c.objc; path = main.m; sourceTree = "<group>"; };
		F4D5A0B21CEE2D8F00562D79 /* Assets.xcassets */ = {isa = PBXFileReference; lastKnownFileType = folder.assetcatalog; path = Assets.xcassets; sourceTree = "<group>"; };
		F4D5A0B51CEE2D8F00562D79 /* Base */ = {isa = PBXFileReference; lastKnownFileType = file.xib; name = Base; path = Base.lproj/MainMenu.xib; sourceTree = "<group>"; };
		F4D5A0B71CEE2D8F00562D79 /* Info.plist */ = {isa = PBXFileReference; lastKnownFileType = text.plist.xml; path = Info.plist; sourceTree = "<group>"; };
/* End PBXFileReference section */

/* Begin PBXFrameworksBuildPhase section */
		F4D5A0A61CEE2D8F00562D79 /* Frameworks */ = {
			isa = PBXFrameworksBuildPhase;
			buildActionMask = 2147483647;
			files = (
			);
			runOnlyForDeploymentPostprocessing = 0;
		};
/* End PBXFrameworksBuildPhase section */

/* Begin PBXGroup section */
		F4D5A0A01CEE2D8F00562D79 = {
			isa = PBXGroup;
			children = (
				F4D5A0AB1CEE2D8F00562D79 /* OSXCocoaPodsTester */,
				F4D5A0AA1CEE2D8F00562D79 /* Products */,
			);
			sourceTree = "<group>";
		};
		F4D5A0AA1CEE2D8F00562D79 /* Products */ = {
			isa = PBXGroup;
			children = (
				F4D5A0A91CEE2D8F00562D79 /* OSXCocoaPodsTester.app */,
			);
			name = Products;
			sourceTree = "<group>";
		};
		F4D5A0AB1CEE2D8F00562D79 /* OSXCocoaPodsTester */ = {
			isa = PBXGroup;
			children = (
				F4D5A0AC1CEE2D8F00562D79 /* AppDelegate.h */,
				F4D5A0AD1CEE2D8F00562D79 /* AppDelegate.m */,
				F4D5A0B21CEE2D8F00562D79 /* Assets.xcassets */,
				F4D5A0B41CEE2D8F00562D79 /* MainMenu.xib */,
				F4D5A0B71CEE2D8F00562D79 /* Info.plist */,
				F4D5A0AF1CEE2D8F00562D79 /* Supporting Files */,
			);
			path = OSXCocoaPodsTester;
			sourceTree = "<group>";
		};
		F4D5A0AF1CEE2D8F00562D79 /* Supporting Files */ = {
			isa = PBXGroup;
			children = (
				F4D5A0B01CEE2D8F00562D79 /* main.m */,
			);
			name = "Supporting Files";
			sourceTree = "<group>";
		};
/* End PBXGroup section */

/* Begin PBXNativeTarget section */
		F4D5A0A81CEE2D8F00562D79 /* OSXCocoaPodsTester */ = {
			isa = PBXNativeTarget;
			buildConfigurationList = F4D5A0BA1CEE2D8F00562D79 /* Build configuration list for PBXNativeTarget "OSXCocoaPodsTester" */;
			buildPhases = (
				F4D5A0A51CEE2D8F00562D79 /* Sources */,
				F4D5A0A61CEE2D8F00562D79 /* Frameworks */,
				F4D5A0A71CEE2D8F00562D79 /* Resources */,
			);
			buildRules = (
			);
			dependencies = (
			);
			name = OSXCocoaPodsTester;
			productName = OSXCocoaPodsTester;
			productReference = F4D5A0A91CEE2D8F00562D79 /* OSXCocoaPodsTester.app */;
			productType = "com.apple.product-type.application";
		};
/* End PBXNativeTarget section */

/* Begin PBXProject section */
		F4D5A0A11CEE2D8F00562D79 /* Project object */ = {
			isa = PBXProject;
			attributes = {
				LastUpgradeCheck = 0730;
				ORGANIZATIONNAME = Google;
				TargetAttributes = {
					F4D5A0A81CEE2D8F00562D79 = {
						CreatedOnToolsVersion = 7.3.1;
					};
				};
			};
			buildConfigurationList = F4D5A0A41CEE2D8F00562D79 /* Build configuration list for PBXProject "OSXCocoaPodsTester" */;
			compatibilityVersion = "Xcode 3.2";
			developmentRegion = English;
			hasScannedForEncodings = 0;
			knownRegions = (
				en,
				Base,
			);
			mainGroup = F4D5A0A01CEE2D8F00562D79;
			productRefGroup = F4D5A0AA1CEE2D8F00562D79 /* Products */;
			projectDirPath = "";
			projectRoot = "";
			targets = (
				F4D5A0A81CEE2D8F00562D79 /* OSXCocoaPodsTester */,
			);
		};
/* End PBXProject section */

/* Begin PBXResourcesBuildPhase section */
		F4D5A0A71CEE2D8F00562D79 /* Resources */ = {
			isa = PBXResourcesBuildPhase;
			buildActionMask = 2147483647;
			files = (
				F4D5A0B31CEE2D8F00562D79 /* Assets.xcassets in Resources */,
				F4D5A0B61CEE2D8F00562D79 /* MainMenu.xib in Resources */,
			);
			runOnlyForDeploymentPostprocessing = 0;
		};
/* End PBXResourcesBuildPhase section */

/* Begin PBXSourcesBuildPhase section */
		F4D5A0A51CEE2D8F00562D79 /* Sources */ = {
			isa = PBXSourcesBuildPhase;
			buildActionMask = 2147483647;
			files = (
				F4D5A0B11CEE2D8F00562D79 /* main.m in Sources */,
				F4D5A0AE1CEE2D8F00562D79 /* AppDelegate.m in Sources */,
			);
			runOnlyForDeploymentPostprocessing = 0;
		};
/* End PBXSourcesBuildPhase section */

/* Begin PBXVariantGroup section */
		F4D5A0B41CEE2D8F00562D79 /* MainMenu.xib */ = {
			isa = PBXVariantGroup;
			children = (
				F4D5A0B51CEE2D8F00562D79 /* Base */,
			);
			name = MainMenu.xib;
			sourceTree = "<group>";
		};
/* End PBXVariantGroup section */

/* Begin XCBuildConfiguration section */
		F4D5A0B81CEE2D8F00562D79 /* Debug */ = {
			isa = XCBuildConfiguration;
			buildSettings = {
				ALWAYS_SEARCH_USER_PATHS = NO;
				CLANG_ANALYZER_NONNULL = YES;
				CLANG_CXX_LANGUAGE_STANDARD = "gnu++0x";
				CLANG_CXX_LIBRARY = "libc++";
				CLANG_ENABLE_MODULES = YES;
				CLANG_ENABLE_OBJC_ARC = YES;
				CLANG_WARN_BOOL_CONVERSION = YES;
				CLANG_WARN_CONSTANT_CONVERSION = YES;
				CLANG_WARN_DIRECT_OBJC_ISA_USAGE = YES_ERROR;
				CLANG_WARN_EMPTY_BODY = YES;
				CLANG_WARN_ENUM_CONVERSION = YES;
				CLANG_WARN_INT_CONVERSION = YES;
				CLANG_WARN_OBJC_ROOT_CLASS = YES_ERROR;
				CLANG_WARN_UNREACHABLE_CODE = YES;
				CLANG_WARN__DUPLICATE_METHOD_MATCH = YES;
				CODE_SIGN_IDENTITY = "-";
				COPY_PHASE_STRIP = NO;
				DEBUG_INFORMATION_FORMAT = dwarf;
				ENABLE_STRICT_OBJC_MSGSEND = YES;
				ENABLE_TESTABILITY = YES;
				GCC_C_LANGUAGE_STANDARD = gnu99;
				GCC_DYNAMIC_NO_PIC = NO;
				GCC_NO_COMMON_BLOCKS = YES;
				GCC_OPTIMIZATION_LEVEL = 0;
				GCC_PREPROCESSOR_DEFINITIONS = (
					"DEBUG=1",
					"$(inherited)",
				);
				GCC_WARN_64_TO_32_BIT_CONVERSION = YES;
				GCC_WARN_ABOUT_RETURN_TYPE = YES_ERROR;
				GCC_WARN_UNDECLARED_SELECTOR = YES;
				GCC_WARN_UNINITIALIZED_AUTOS = YES_AGGRESSIVE;
				GCC_WARN_UNUSED_FUNCTION = YES;
				GCC_WARN_UNUSED_VARIABLE = YES;
				MACOSX_DEPLOYMENT_TARGET = 10.11;
				MTL_ENABLE_DEBUG_INFO = YES;
				ONLY_ACTIVE_ARCH = YES;
				SDKROOT = macosx;
			};
			name = Debug;
		};
		F4D5A0B91CEE2D8F00562D79 /* Release */ = {
			isa = XCBuildConfiguration;
			buildSettings = {
				ALWAYS_SEARCH_USER_PATHS = NO;
				CLANG_ANALYZER_NONNULL = YES;
				CLANG_CXX_LANGUAGE_STANDARD = "gnu++0x";
				CLANG_CXX_LIBRARY = "libc++";
				CLANG_ENABLE_MODULES = YES;
				CLANG_ENABLE_OBJC_ARC = YES;
				CLANG_WARN_BOOL_CONVERSION = YES;
				CLANG_WARN_CONSTANT_CONVERSION = YES;
				CLANG_WARN_DIRECT_OBJC_ISA_USAGE = YES_ERROR;
				CLANG_WARN_EMPTY_BODY = YES;
				CLANG_WARN_ENUM_CONVERSION = YES;
				CLANG_WARN_INT_CONVERSION = YES;
				CLANG_WARN_OBJC_ROOT_CLASS = YES_ERROR;
				CLANG_WARN_UNREACHABLE_CODE = YES;
				CLANG_WARN__DUPLICATE_METHOD_MATCH = YES;
				CODE_SIGN_IDENTITY = "-";
				COPY_PHASE_STRIP = NO;
				DEBUG_INFORMATION_FORMAT = "dwarf-with-dsym";
				ENABLE_NS_ASSERTIONS = NO;
				ENABLE_STRICT_OBJC_MSGSEND = YES;
				GCC_C_LANGUAGE_STANDARD = gnu99;
				GCC_NO_COMMON_BLOCKS = YES;
				GCC_WARN_64_TO_32_BIT_CONVERSION = YES;
				GCC_WARN_ABOUT_RETURN_TYPE = YES_ERROR;
				GCC_WARN_UNDECLARED_SELECTOR = YES;
				GCC_WARN_UNINITIALIZED_AUTOS = YES_AGGRESSIVE;
				GCC_WARN_UNUSED_FUNCTION = YES;
				GCC_WARN_UNUSED_VARIABLE = YES;
				MACOSX_DEPLOYMENT_TARGET = 10.11;
				MTL_ENABLE_DEBUG_INFO = NO;
				SDKROOT = macosx;
			};
			name = Release;
		};
		F4D5A0BB1CEE2D8F00562D79 /* Debug */ = {
			isa = XCBuildConfiguration;
			buildSettings = {
				ASSETCATALOG_COMPILER_APPICON_NAME = AppIcon;
				COMBINE_HIDPI_IMAGES = YES;
				INFOPLIST_FILE = OSXCocoaPodsTester/Info.plist;
				LD_RUNPATH_SEARCH_PATHS = "$(inherited) @executable_path/../Frameworks";
				PRODUCT_BUNDLE_IDENTIFIER = com.google.OSXCocoaPodsTester;
				PRODUCT_NAME = "$(TARGET_NAME)";
			};
			name = Debug;
		};
		F4D5A0BC1CEE2D8F00562D79 /* Release */ = {
			isa = XCBuildConfiguration;
			buildSettings = {
				ASSETCATALOG_COMPILER_APPICON_NAME = AppIcon;
				COMBINE_HIDPI_IMAGES = YES;
				INFOPLIST_FILE = OSXCocoaPodsTester/Info.plist;
				LD_RUNPATH_SEARCH_PATHS = "$(inherited) @executable_path/../Frameworks";
				PRODUCT_BUNDLE_IDENTIFIER = com.google.OSXCocoaPodsTester;
				PRODUCT_NAME = "$(TARGET_NAME)";
			};
			name = Release;
		};
/* End XCBuildConfiguration section */

/* Begin XCConfigurationList section */
		F4D5A0A41CEE2D8F00562D79 /* Build configuration list for PBXProject "OSXCocoaPodsTester" */ = {
			isa = XCConfigurationList;
			buildConfigurations = (
				F4D5A0B81CEE2D8F00562D79 /* Debug */,
				F4D5A0B91CEE2D8F00562D79 /* Release */,
			);
			defaultConfigurationIsVisible = 0;
			defaultConfigurationName = Release;
		};
		F4D5A0BA1CEE2D8F00562D79 /* Build configuration list for PBXNativeTarget "OSXCocoaPodsTester" */ = {
			isa = XCConfigurationList;
			buildConfigurations = (
				F4D5A0BB1CEE2D8F00562D79 /* Debug */,
				F4D5A0BC1CEE2D8F00562D79 /* Release */,
			);
			defaultConfigurationIsVisible = 0;
		};
/* End XCConfigurationList section */
	};
	rootObject = F4D5A0A11CEE2D8F00562D79 /* Project object */;
}
