// !$*UTF8*$!
{
	archiveVersion = 1;
	classes = {
	};
	objectVersion = 47;
	objects = {

/* Begin PBXBuildFile section */
		5102DABC1891A073002037B6 /* GPBConcurrencyTests.m in Sources */ = {isa = PBXBuildFile; fileRef = 5102DABB1891A052002037B6 /* GPBConcurrencyTests.m */; };
		7461B5360F94FB4600A0C422 /* Foundation.framework in Frameworks */ = {isa = PBXBuildFile; fileRef = 1D30AB110D05D00D00671497 /* Foundation.framework */; };
		7461B53C0F94FB4E00A0C422 /* GPBCodedInputStream.m in Sources */ = {isa = PBXBuildFile; fileRef = 7461B48F0F94F99000A0C422 /* GPBCodedInputStream.m */; };
		7461B53D0F94FB4E00A0C422 /* GPBCodedOutputStream.m in Sources */ = {isa = PBXBuildFile; fileRef = 7461B4910F94F99000A0C422 /* GPBCodedOutputStream.m */; };
		7461B5490F94FB4E00A0C422 /* GPBExtensionRegistry.m in Sources */ = {isa = PBXBuildFile; fileRef = 7461B4A90F94F99000A0C422 /* GPBExtensionRegistry.m */; };
		7461B54C0F94FB4E00A0C422 /* GPBUnknownField.m in Sources */ = {isa = PBXBuildFile; fileRef = 7461B4AF0F94F99000A0C422 /* GPBUnknownField.m */; };
		7461B5530F94FB4E00A0C422 /* GPBMessage.m in Sources */ = {isa = PBXBuildFile; fileRef = 7461B4BF0F94F99000A0C422 /* GPBMessage.m */; };
		7461B5610F94FB4E00A0C422 /* GPBUnknownFieldSet.m in Sources */ = {isa = PBXBuildFile; fileRef = 7461B4E20F94F99000A0C422 /* GPBUnknownFieldSet.m */; };
		7461B5630F94FB4E00A0C422 /* GPBUtilities.m in Sources */ = {isa = PBXBuildFile; fileRef = 7461B4E60F94F99000A0C422 /* GPBUtilities.m */; };
		7461B5640F94FB4E00A0C422 /* GPBWireFormat.m in Sources */ = {isa = PBXBuildFile; fileRef = 7461B4E80F94F99000A0C422 /* GPBWireFormat.m */; };
		8B210CCE159383D60032D72D /* golden_message in Resources */ = {isa = PBXBuildFile; fileRef = 8B210CCD159383D60032D72D /* golden_message */; };
		8B210CD0159386920032D72D /* golden_packed_fields_message in Resources */ = {isa = PBXBuildFile; fileRef = 8B210CCF159386920032D72D /* golden_packed_fields_message */; };
		8B4248BB1A8C256A00BC1EC6 /* GPBSwiftTests.swift in Sources */ = {isa = PBXBuildFile; fileRef = 8B4248BA1A8C256A00BC1EC6 /* GPBSwiftTests.swift */; };
		8B4248D21A927E1500BC1EC6 /* GPBWellKnownTypes.m in Sources */ = {isa = PBXBuildFile; fileRef = 8B4248D01A927E1500BC1EC6 /* GPBWellKnownTypes.m */; };
		8B4248DC1A92933A00BC1EC6 /* GPBWellKnownTypesTest.m in Sources */ = {isa = PBXBuildFile; fileRef = 8B4248DB1A92933A00BC1EC6 /* GPBWellKnownTypesTest.m */; };
		8B79657B14992E3F002FFBFC /* GPBRootObject.m in Sources */ = {isa = PBXBuildFile; fileRef = 8B79657914992E3E002FFBFC /* GPBRootObject.m */; };
		8B8B615D17DF7056002EE618 /* GPBARCUnittestProtos.m in Sources */ = {isa = PBXBuildFile; fileRef = 8B8B615C17DF7056002EE618 /* GPBARCUnittestProtos.m */; settings = {COMPILER_FLAGS = "-fobjc-arc"; }; };
		8B96157414C8C38C00A2AC0B /* GPBDescriptor.m in Sources */ = {isa = PBXBuildFile; fileRef = 8B96157314C8C38C00A2AC0B /* GPBDescriptor.m */; };
		8BBEA4A9147C727D00C4ADB7 /* GPBCodedInputStreamTests.m in Sources */ = {isa = PBXBuildFile; fileRef = 7461B69B0F94FDF800A0C422 /* GPBCodedInputStreamTests.m */; };
		8BBEA4AA147C727D00C4ADB7 /* GPBCodedOuputStreamTests.m in Sources */ = {isa = PBXBuildFile; fileRef = 7461B69D0F94FDF800A0C422 /* GPBCodedOuputStreamTests.m */; };
		8BBEA4AC147C727D00C4ADB7 /* GPBMessageTests.m in Sources */ = {isa = PBXBuildFile; fileRef = 7461B6A30F94FDF800A0C422 /* GPBMessageTests.m */; };
		8BBEA4B0147C727D00C4ADB7 /* GPBTestUtilities.m in Sources */ = {isa = PBXBuildFile; fileRef = 7461B6AC0F94FDF800A0C422 /* GPBTestUtilities.m */; };
		8BBEA4B6147C727D00C4ADB7 /* GPBUnknownFieldSetTest.m in Sources */ = {isa = PBXBuildFile; fileRef = 7461B6B80F94FDF900A0C422 /* GPBUnknownFieldSetTest.m */; };
		8BBEA4B7147C727D00C4ADB7 /* GPBUtilitiesTests.m in Sources */ = {isa = PBXBuildFile; fileRef = 7461B6BA0F94FDF900A0C422 /* GPBUtilitiesTests.m */; };
		8BBEA4B8147C727D00C4ADB7 /* GPBWireFormatTests.m in Sources */ = {isa = PBXBuildFile; fileRef = 7461B6BC0F94FDF900A0C422 /* GPBWireFormatTests.m */; };
		8BBEA4BB147C729200C4ADB7 /* libProtocolBuffers.a in Frameworks */ = {isa = PBXBuildFile; fileRef = 7461B52E0F94FAF800A0C422 /* libProtocolBuffers.a */; };
		8BD3981F14BE59D70081D629 /* GPBUnittestProtos.m in Sources */ = {isa = PBXBuildFile; fileRef = 8BD3981E14BE59D70081D629 /* GPBUnittestProtos.m */; };
		8BF8193514A0DDA600A2C982 /* Foundation.framework in Frameworks */ = {isa = PBXBuildFile; fileRef = 1D30AB110D05D00D00671497 /* Foundation.framework */; };
		F401DC2D1A8D444600FCC765 /* GPBArray.m in Sources */ = {isa = PBXBuildFile; fileRef = F401DC2B1A8D444600FCC765 /* GPBArray.m */; };
		F401DC331A8E5C0200FCC765 /* GPBArrayTests.m in Sources */ = {isa = PBXBuildFile; fileRef = F401DC321A8E5C0200FCC765 /* GPBArrayTests.m */; };
		F41C175D1833D3310064ED4D /* GPBPerfTests.m in Sources */ = {isa = PBXBuildFile; fileRef = F41C175C1833D3310064ED4D /* GPBPerfTests.m */; };
		F4353D1D1AB8822D005A6198 /* GPBDescriptorTests.m in Sources */ = {isa = PBXBuildFile; fileRef = F4353D1C1AB8822D005A6198 /* GPBDescriptorTests.m */; };
		F4353D231ABB1537005A6198 /* GPBDictionary.m in Sources */ = {isa = PBXBuildFile; fileRef = F4353D211ABB1537005A6198 /* GPBDictionary.m */; };
		F4353D341AC06F10005A6198 /* GPBDictionaryTests+Bool.m in Sources */ = {isa = PBXBuildFile; fileRef = F4353D2D1AC06F10005A6198 /* GPBDictionaryTests+Bool.m */; };
		F4353D351AC06F10005A6198 /* GPBDictionaryTests+Int32.m in Sources */ = {isa = PBXBuildFile; fileRef = F4353D2E1AC06F10005A6198 /* GPBDictionaryTests+Int32.m */; };
		F4353D361AC06F10005A6198 /* GPBDictionaryTests+Int64.m in Sources */ = {isa = PBXBuildFile; fileRef = F4353D2F1AC06F10005A6198 /* GPBDictionaryTests+Int64.m */; };
		F4353D371AC06F10005A6198 /* GPBDictionaryTests+String.m in Sources */ = {isa = PBXBuildFile; fileRef = F4353D301AC06F10005A6198 /* GPBDictionaryTests+String.m */; };
		F4353D381AC06F10005A6198 /* GPBDictionaryTests+UInt32.m in Sources */ = {isa = PBXBuildFile; fileRef = F4353D311AC06F10005A6198 /* GPBDictionaryTests+UInt32.m */; };
		F4353D391AC06F10005A6198 /* GPBDictionaryTests+UInt64.m in Sources */ = {isa = PBXBuildFile; fileRef = F4353D321AC06F10005A6198 /* GPBDictionaryTests+UInt64.m */; };
		F43C88D0191D77FC009E917D /* text_format_unittest_data.txt in Resources */ = {isa = PBXBuildFile; fileRef = F43C88CF191D77FC009E917D /* text_format_unittest_data.txt */; };
		F4487C4D1A9F8E0200531423 /* Foundation.framework in Frameworks */ = {isa = PBXBuildFile; fileRef = 1D30AB110D05D00D00671497 /* Foundation.framework */; };
		F4487C521A9F8E4D00531423 /* GPBProtocolBuffers.m in Sources */ = {isa = PBXBuildFile; fileRef = 8BCF338814ED799900BC5317 /* GPBProtocolBuffers.m */; };
		F4487C751AADF7F500531423 /* GPBMessageTests+Runtime.m in Sources */ = {isa = PBXBuildFile; fileRef = F4487C741AADF7F500531423 /* GPBMessageTests+Runtime.m */; };
		F4487C7F1AAF62CD00531423 /* GPBMessageTests+Serialization.m in Sources */ = {isa = PBXBuildFile; fileRef = F4487C7E1AAF62CD00531423 /* GPBMessageTests+Serialization.m */; };
		F4487C831AAF6AB300531423 /* GPBMessageTests+Merge.m in Sources */ = {isa = PBXBuildFile; fileRef = F4487C821AAF6AB300531423 /* GPBMessageTests+Merge.m */; };
		F45C69CC16DFD08D0081955B /* GPBExtensionInternals.m in Sources */ = {isa = PBXBuildFile; fileRef = F45C69CB16DFD08D0081955B /* GPBExtensionInternals.m */; };
		F45E57C71AE6DC6A000B7D99 /* text_format_map_unittest_data.txt in Resources */ = {isa = PBXBuildFile; fileRef = F45E57C61AE6DC6A000B7D99 /* text_format_map_unittest_data.txt */; };
		F47476E51D21A524007C7B1A /* Duration.pbobjc.m in Sources */ = {isa = PBXBuildFile; fileRef = 8B4248D41A92826400BC1EC6 /* Duration.pbobjc.m */; };
		F47476E61D21A524007C7B1A /* Timestamp.pbobjc.m in Sources */ = {isa = PBXBuildFile; fileRef = 8B4248D61A92826400BC1EC6 /* Timestamp.pbobjc.m */; };
		F4B51B1E1BBC610700744318 /* GPBObjectiveCPlusPlusTest.mm in Sources */ = {isa = PBXBuildFile; fileRef = F4B51B1D1BBC610700744318 /* GPBObjectiveCPlusPlusTest.mm */; };
		F4C4B9E41E1D976300D3B61D /* GPBDictionaryTests.m in Sources */ = {isa = PBXBuildFile; fileRef = F4C4B9E21E1D974F00D3B61D /* GPBDictionaryTests.m */; };
		F4E675971B21D0000054530B /* Any.pbobjc.m in Sources */ = {isa = PBXBuildFile; fileRef = F4E675871B21D0000054530B /* Any.pbobjc.m */; };
		F4E675991B21D0000054530B /* Api.pbobjc.m in Sources */ = {isa = PBXBuildFile; fileRef = F4E675891B21D0000054530B /* Api.pbobjc.m */; };
		F4E6759B1B21D0000054530B /* Empty.pbobjc.m in Sources */ = {isa = PBXBuildFile; fileRef = F4E6758B1B21D0000054530B /* Empty.pbobjc.m */; };
		F4E6759D1B21D0000054530B /* FieldMask.pbobjc.m in Sources */ = {isa = PBXBuildFile; fileRef = F4E6758D1B21D0000054530B /* FieldMask.pbobjc.m */; };
		F4E6759F1B21D0000054530B /* SourceContext.pbobjc.m in Sources */ = {isa = PBXBuildFile; fileRef = F4E6758F1B21D0000054530B /* SourceContext.pbobjc.m */; };
		F4E675A11B21D0000054530B /* Struct.pbobjc.m in Sources */ = {isa = PBXBuildFile; fileRef = F4E675911B21D0000054530B /* Struct.pbobjc.m */; };
		F4E675A31B21D0000054530B /* Type.pbobjc.m in Sources */ = {isa = PBXBuildFile; fileRef = F4E675931B21D0000054530B /* Type.pbobjc.m */; };
		F4E675A51B21D0000054530B /* Wrappers.pbobjc.m in Sources */ = {isa = PBXBuildFile; fileRef = F4E675951B21D0000054530B /* Wrappers.pbobjc.m */; };
		F4F8D8831D789FD9002CE128 /* GPBUnittestProtos2.m in Sources */ = {isa = PBXBuildFile; fileRef = F4F8D8811D789FCE002CE128 /* GPBUnittestProtos2.m */; };
/* End PBXBuildFile section */

/* Begin PBXContainerItemProxy section */
		8BBEA4BC147C729A00C4ADB7 /* PBXContainerItemProxy */ = {
			isa = PBXContainerItemProxy;
			containerPortal = 29B97313FDCFA39411CA2CEA /* Project object */;
			proxyType = 1;
			remoteGlobalIDString = 7461B52D0F94FAF800A0C422;
			remoteInfo = ProtocolBuffers;
		};
		F45BBC181B0CE3D7002D064D /* PBXContainerItemProxy */ = {
			isa = PBXContainerItemProxy;
			containerPortal = 29B97313FDCFA39411CA2CEA /* Project object */;
			proxyType = 1;
			remoteGlobalIDString = F45BBC141B0CE3C6002D064D;
			remoteInfo = "Compile Unittest Protos";
		};
/* End PBXContainerItemProxy section */

/* Begin PBXFileReference section */
		1D30AB110D05D00D00671497 /* Foundation.framework */ = {isa = PBXFileReference; lastKnownFileType = wrapper.framework; name = Foundation.framework; path = System/Library/Frameworks/Foundation.framework; sourceTree = SDKROOT; };
		5102DABB1891A052002037B6 /* GPBConcurrencyTests.m */ = {isa = PBXFileReference; lastKnownFileType = sourcecode.c.objc; path = GPBConcurrencyTests.m; sourceTree = "<group>"; };
		51457B5F18D0B7AF00CCC606 /* GPBCodedInputStream_PackagePrivate.h */ = {isa = PBXFileReference; lastKnownFileType = sourcecode.c.h; path = GPBCodedInputStream_PackagePrivate.h; sourceTree = "<group>"; };
		515B840C18B7DEE30031753B /* GPBDescriptor_PackagePrivate.h */ = {isa = PBXFileReference; lastKnownFileType = sourcecode.c.h; path = GPBDescriptor_PackagePrivate.h; sourceTree = "<group>"; };
		5196A06918CE16B000B759E2 /* GPBMessage_PackagePrivate.h */ = {isa = PBXFileReference; lastKnownFileType = sourcecode.c.h; path = GPBMessage_PackagePrivate.h; sourceTree = "<group>"; };
		7401C1A90F950347006D8281 /* UnitTests-Info.plist */ = {isa = PBXFileReference; lastKnownFileType = text.plist.xml; path = "UnitTests-Info.plist"; sourceTree = "<group>"; };
		7461B48D0F94F99000A0C422 /* GPBBootstrap.h */ = {isa = PBXFileReference; fileEncoding = 4; lastKnownFileType = sourcecode.c.h; path = GPBBootstrap.h; sourceTree = "<group>"; };
		7461B48E0F94F99000A0C422 /* GPBCodedInputStream.h */ = {isa = PBXFileReference; fileEncoding = 4; lastKnownFileType = sourcecode.c.h; path = GPBCodedInputStream.h; sourceTree = "<group>"; };
		7461B48F0F94F99000A0C422 /* GPBCodedInputStream.m */ = {isa = PBXFileReference; fileEncoding = 4; lastKnownFileType = sourcecode.c.objc; lineEnding = 0; path = GPBCodedInputStream.m; sourceTree = "<group>"; };
		7461B4900F94F99000A0C422 /* GPBCodedOutputStream.h */ = {isa = PBXFileReference; fileEncoding = 4; lastKnownFileType = sourcecode.c.h; path = GPBCodedOutputStream.h; sourceTree = "<group>"; };
		7461B4910F94F99000A0C422 /* GPBCodedOutputStream.m */ = {isa = PBXFileReference; fileEncoding = 4; lastKnownFileType = sourcecode.c.objc; path = GPBCodedOutputStream.m; sourceTree = "<group>"; };
		7461B4A80F94F99000A0C422 /* GPBExtensionRegistry.h */ = {isa = PBXFileReference; fileEncoding = 4; lastKnownFileType = sourcecode.c.h; path = GPBExtensionRegistry.h; sourceTree = "<group>"; };
		7461B4A90F94F99000A0C422 /* GPBExtensionRegistry.m */ = {isa = PBXFileReference; fileEncoding = 4; lastKnownFileType = sourcecode.c.objc; path = GPBExtensionRegistry.m; sourceTree = "<group>"; };
		7461B4AE0F94F99000A0C422 /* GPBUnknownField.h */ = {isa = PBXFileReference; fileEncoding = 4; lastKnownFileType = sourcecode.c.h; path = GPBUnknownField.h; sourceTree = "<group>"; };
		7461B4AF0F94F99000A0C422 /* GPBUnknownField.m */ = {isa = PBXFileReference; fileEncoding = 4; lastKnownFileType = sourcecode.c.objc; path = GPBUnknownField.m; sourceTree = "<group>"; };
		7461B4BE0F94F99000A0C422 /* GPBMessage.h */ = {isa = PBXFileReference; fileEncoding = 4; lastKnownFileType = sourcecode.c.h; path = GPBMessage.h; sourceTree = "<group>"; };
		7461B4BF0F94F99000A0C422 /* GPBMessage.m */ = {isa = PBXFileReference; fileEncoding = 4; lastKnownFileType = sourcecode.c.objc; path = GPBMessage.m; sourceTree = "<group>"; };
		7461B4CD0F94F99000A0C422 /* GPBProtocolBuffers.h */ = {isa = PBXFileReference; fileEncoding = 4; lastKnownFileType = sourcecode.c.h; path = GPBProtocolBuffers.h; sourceTree = "<group>"; };
		7461B4E10F94F99000A0C422 /* GPBUnknownFieldSet.h */ = {isa = PBXFileReference; fileEncoding = 4; lastKnownFileType = sourcecode.c.h; path = GPBUnknownFieldSet.h; sourceTree = "<group>"; };
		7461B4E20F94F99000A0C422 /* GPBUnknownFieldSet.m */ = {isa = PBXFileReference; fileEncoding = 4; lastKnownFileType = sourcecode.c.objc; path = GPBUnknownFieldSet.m; sourceTree = "<group>"; };
		7461B4E50F94F99000A0C422 /* GPBUtilities.h */ = {isa = PBXFileReference; fileEncoding = 4; lastKnownFileType = sourcecode.c.h; path = GPBUtilities.h; sourceTree = "<group>"; };
		7461B4E60F94F99000A0C422 /* GPBUtilities.m */ = {isa = PBXFileReference; fileEncoding = 4; lastKnownFileType = sourcecode.c.objc; path = GPBUtilities.m; sourceTree = "<group>"; };
		7461B4E70F94F99000A0C422 /* GPBWireFormat.h */ = {isa = PBXFileReference; fileEncoding = 4; lastKnownFileType = sourcecode.c.h; path = GPBWireFormat.h; sourceTree = "<group>"; };
		7461B4E80F94F99000A0C422 /* GPBWireFormat.m */ = {isa = PBXFileReference; fileEncoding = 4; lastKnownFileType = sourcecode.c.objc; path = GPBWireFormat.m; sourceTree = "<group>"; };
		7461B52E0F94FAF800A0C422 /* libProtocolBuffers.a */ = {isa = PBXFileReference; explicitFileType = archive.ar; includeInIndex = 0; path = libProtocolBuffers.a; sourceTree = BUILT_PRODUCTS_DIR; };
		7461B69B0F94FDF800A0C422 /* GPBCodedInputStreamTests.m */ = {isa = PBXFileReference; fileEncoding = 4; lastKnownFileType = sourcecode.c.objc; path = GPBCodedInputStreamTests.m; sourceTree = "<group>"; };
		7461B69D0F94FDF800A0C422 /* GPBCodedOuputStreamTests.m */ = {isa = PBXFileReference; fileEncoding = 4; lastKnownFileType = sourcecode.c.objc; path = GPBCodedOuputStreamTests.m; sourceTree = "<group>"; };
		7461B6A30F94FDF800A0C422 /* GPBMessageTests.m */ = {isa = PBXFileReference; fileEncoding = 4; lastKnownFileType = sourcecode.c.objc; path = GPBMessageTests.m; sourceTree = "<group>"; };
		7461B6AB0F94FDF800A0C422 /* GPBTestUtilities.h */ = {isa = PBXFileReference; fileEncoding = 4; lastKnownFileType = sourcecode.c.h; path = GPBTestUtilities.h; sourceTree = "<group>"; };
		7461B6AC0F94FDF800A0C422 /* GPBTestUtilities.m */ = {isa = PBXFileReference; fileEncoding = 4; lastKnownFileType = sourcecode.c.objc; path = GPBTestUtilities.m; sourceTree = "<group>"; };
		7461B6B80F94FDF900A0C422 /* GPBUnknownFieldSetTest.m */ = {isa = PBXFileReference; fileEncoding = 4; lastKnownFileType = sourcecode.c.objc; path = GPBUnknownFieldSetTest.m; sourceTree = "<group>"; };
		7461B6BA0F94FDF900A0C422 /* GPBUtilitiesTests.m */ = {isa = PBXFileReference; fileEncoding = 4; lastKnownFileType = sourcecode.c.objc; path = GPBUtilitiesTests.m; sourceTree = "<group>"; };
		7461B6BC0F94FDF900A0C422 /* GPBWireFormatTests.m */ = {isa = PBXFileReference; fileEncoding = 4; lastKnownFileType = sourcecode.c.objc; path = GPBWireFormatTests.m; sourceTree = "<group>"; };
		8B09AAF614B663A7007B4184 /* unittest_objc.proto */ = {isa = PBXFileReference; lastKnownFileType = text; path = unittest_objc.proto; sourceTree = "<group>"; };
		8B210CCD159383D60032D72D /* golden_message */ = {isa = PBXFileReference; lastKnownFileType = file; path = golden_message; sourceTree = "<group>"; };
		8B210CCF159386920032D72D /* golden_packed_fields_message */ = {isa = PBXFileReference; lastKnownFileType = file; path = golden_packed_fields_message; sourceTree = "<group>"; };
		8B4248B81A8C254000BC1EC6 /* protobuf */ = {isa = PBXFileReference; lastKnownFileType = text; name = protobuf; path = ../../Intermediates/ProtocolBuffers_OSX.build/DerivedSources/protos/google/protobuf; sourceTree = BUILT_PRODUCTS_DIR; };
		8B4248B91A8C256900BC1EC6 /* UnitTests-Bridging-Header.h */ = {isa = PBXFileReference; lastKnownFileType = sourcecode.c.h; path = "UnitTests-Bridging-Header.h"; sourceTree = "<group>"; };
		8B4248BA1A8C256A00BC1EC6 /* GPBSwiftTests.swift */ = {isa = PBXFileReference; fileEncoding = 4; lastKnownFileType = sourcecode.swift; path = GPBSwiftTests.swift; sourceTree = "<group>"; };
		8B4248CF1A927E1500BC1EC6 /* GPBWellKnownTypes.h */ = {isa = PBXFileReference; fileEncoding = 4; lastKnownFileType = sourcecode.c.h; path = GPBWellKnownTypes.h; sourceTree = "<group>"; };
		8B4248D01A927E1500BC1EC6 /* GPBWellKnownTypes.m */ = {isa = PBXFileReference; fileEncoding = 4; lastKnownFileType = sourcecode.c.objc; path = GPBWellKnownTypes.m; sourceTree = "<group>"; };
		8B4248D31A92826400BC1EC6 /* Duration.pbobjc.h */ = {isa = PBXFileReference; fileEncoding = 4; lastKnownFileType = sourcecode.c.h; name = Duration.pbobjc.h; path = google/protobuf/Duration.pbobjc.h; sourceTree = "<group>"; };
		8B4248D41A92826400BC1EC6 /* Duration.pbobjc.m */ = {isa = PBXFileReference; fileEncoding = 4; lastKnownFileType = sourcecode.c.objc; name = Duration.pbobjc.m; path = google/protobuf/Duration.pbobjc.m; sourceTree = "<group>"; };
		8B4248D51A92826400BC1EC6 /* Timestamp.pbobjc.h */ = {isa = PBXFileReference; fileEncoding = 4; lastKnownFileType = sourcecode.c.h; name = Timestamp.pbobjc.h; path = google/protobuf/Timestamp.pbobjc.h; sourceTree = "<group>"; };
		8B4248D61A92826400BC1EC6 /* Timestamp.pbobjc.m */ = {isa = PBXFileReference; fileEncoding = 4; lastKnownFileType = sourcecode.c.objc; name = Timestamp.pbobjc.m; path = google/protobuf/Timestamp.pbobjc.m; sourceTree = "<group>"; };
		8B4248DB1A92933A00BC1EC6 /* GPBWellKnownTypesTest.m */ = {isa = PBXFileReference; fileEncoding = 4; lastKnownFileType = sourcecode.c.objc; path = GPBWellKnownTypesTest.m; sourceTree = "<group>"; };
		8B42494C1A92A16600BC1EC6 /* duration.proto */ = {isa = PBXFileReference; lastKnownFileType = text; name = duration.proto; path = ../src/google/protobuf/duration.proto; sourceTree = "<group>"; };
		8B42494D1A92A16600BC1EC6 /* timestamp.proto */ = {isa = PBXFileReference; lastKnownFileType = text; name = timestamp.proto; path = ../src/google/protobuf/timestamp.proto; sourceTree = "<group>"; };
		8B79657814992E3E002FFBFC /* GPBRootObject.h */ = {isa = PBXFileReference; fileEncoding = 4; lastKnownFileType = sourcecode.c.h; path = GPBRootObject.h; sourceTree = "<group>"; };
		8B79657914992E3E002FFBFC /* GPBRootObject.m */ = {isa = PBXFileReference; fileEncoding = 4; lastKnownFileType = sourcecode.c.objc; path = GPBRootObject.m; sourceTree = "<group>"; };
		8B7E6A7414893DBA00F8884A /* unittest_custom_options.proto */ = {isa = PBXFileReference; lastKnownFileType = text; name = unittest_custom_options.proto; path = ../../src/google/protobuf/unittest_custom_options.proto; sourceTree = "<group>"; };
		8B7E6A7514893DBA00F8884A /* unittest_embed_optimize_for.proto */ = {isa = PBXFileReference; lastKnownFileType = text; name = unittest_embed_optimize_for.proto; path = ../../src/google/protobuf/unittest_embed_optimize_for.proto; sourceTree = "<group>"; };
		8B7E6A7614893DBA00F8884A /* unittest_empty.proto */ = {isa = PBXFileReference; lastKnownFileType = text; name = unittest_empty.proto; path = ../../src/google/protobuf/unittest_empty.proto; sourceTree = "<group>"; };
		8B7E6A7814893DBB00F8884A /* unittest_import.proto */ = {isa = PBXFileReference; lastKnownFileType = text; name = unittest_import.proto; path = ../../src/google/protobuf/unittest_import.proto; sourceTree = "<group>"; };
		8B7E6A7B14893DBC00F8884A /* unittest_mset.proto */ = {isa = PBXFileReference; lastKnownFileType = text; name = unittest_mset.proto; path = ../../src/google/protobuf/unittest_mset.proto; sourceTree = "<group>"; };
		8B7E6A7C14893DBC00F8884A /* unittest_no_generic_services.proto */ = {isa = PBXFileReference; lastKnownFileType = text; name = unittest_no_generic_services.proto; path = ../../src/google/protobuf/unittest_no_generic_services.proto; sourceTree = "<group>"; };
		8B7E6A7D14893DBC00F8884A /* unittest_optimize_for.proto */ = {isa = PBXFileReference; lastKnownFileType = text; name = unittest_optimize_for.proto; path = ../../src/google/protobuf/unittest_optimize_for.proto; sourceTree = "<group>"; };
		8B7E6A7E14893DBC00F8884A /* unittest.proto */ = {isa = PBXFileReference; lastKnownFileType = text; name = unittest.proto; path = ../../src/google/protobuf/unittest.proto; sourceTree = "<group>"; };
		8B8B615C17DF7056002EE618 /* GPBARCUnittestProtos.m */ = {isa = PBXFileReference; fileEncoding = 4; lastKnownFileType = sourcecode.c.objc; path = GPBARCUnittestProtos.m; sourceTree = "<group>"; };
		8B96157214C8B06000A2AC0B /* GPBDescriptor.h */ = {isa = PBXFileReference; lastKnownFileType = sourcecode.c.h; path = GPBDescriptor.h; sourceTree = "<group>"; };
		8B96157314C8C38C00A2AC0B /* GPBDescriptor.m */ = {isa = PBXFileReference; fileEncoding = 4; lastKnownFileType = sourcecode.c.objc; path = GPBDescriptor.m; sourceTree = "<group>"; };
		8BBD9DB016DD1DC8008E1EC1 /* unittest_lite.proto */ = {isa = PBXFileReference; lastKnownFileType = text; name = unittest_lite.proto; path = ../../src/google/protobuf/unittest_lite.proto; sourceTree = "<group>"; };
		8BBEA4A6147C727100C4ADB7 /* UnitTests.xctest */ = {isa = PBXFileReference; explicitFileType = wrapper.cfbundle; includeInIndex = 0; path = UnitTests.xctest; sourceTree = BUILT_PRODUCTS_DIR; };
		8BCF338814ED799900BC5317 /* GPBProtocolBuffers.m */ = {isa = PBXFileReference; lastKnownFileType = sourcecode.c.objc; path = GPBProtocolBuffers.m; sourceTree = "<group>"; };
		8BD3981D14BE54220081D629 /* unittest_enormous_descriptor.proto */ = {isa = PBXFileReference; lastKnownFileType = text; name = unittest_enormous_descriptor.proto; path = ../../src/google/protobuf/unittest_enormous_descriptor.proto; sourceTree = "<group>"; };
		8BD3981E14BE59D70081D629 /* GPBUnittestProtos.m */ = {isa = PBXFileReference; fileEncoding = 4; lastKnownFileType = sourcecode.c.objc; path = GPBUnittestProtos.m; sourceTree = "<group>"; };
		8BEB5AE01498033E0078BF9D /* GPBRuntimeTypes.h */ = {isa = PBXFileReference; lastKnownFileType = sourcecode.c.h; path = GPBRuntimeTypes.h; sourceTree = "<group>"; };
		F401DC2A1A8D444600FCC765 /* GPBArray.h */ = {isa = PBXFileReference; fileEncoding = 4; lastKnownFileType = sourcecode.c.h; path = GPBArray.h; sourceTree = "<group>"; };
		F401DC2B1A8D444600FCC765 /* GPBArray.m */ = {isa = PBXFileReference; fileEncoding = 4; lastKnownFileType = sourcecode.c.objc; path = GPBArray.m; sourceTree = "<group>"; };
		F401DC321A8E5C0200FCC765 /* GPBArrayTests.m */ = {isa = PBXFileReference; fileEncoding = 4; lastKnownFileType = sourcecode.c.objc; path = GPBArrayTests.m; sourceTree = "<group>"; };
		F41C175C1833D3310064ED4D /* GPBPerfTests.m */ = {isa = PBXFileReference; fileEncoding = 4; lastKnownFileType = sourcecode.c.objc; path = GPBPerfTests.m; sourceTree = "<group>"; };
		F4353D1C1AB8822D005A6198 /* GPBDescriptorTests.m */ = {isa = PBXFileReference; fileEncoding = 4; lastKnownFileType = sourcecode.c.objc; path = GPBDescriptorTests.m; sourceTree = "<group>"; };
		F4353D201ABB1537005A6198 /* GPBDictionary.h */ = {isa = PBXFileReference; fileEncoding = 4; lastKnownFileType = sourcecode.c.h; path = GPBDictionary.h; sourceTree = "<group>"; };
		F4353D211ABB1537005A6198 /* GPBDictionary.m */ = {isa = PBXFileReference; fileEncoding = 4; lastKnownFileType = sourcecode.c.objc; path = GPBDictionary.m; sourceTree = "<group>"; };
		F4353D2C1AC06F10005A6198 /* GPBDictionaryTests.pddm */ = {isa = PBXFileReference; fileEncoding = 4; lastKnownFileType = text; path = GPBDictionaryTests.pddm; sourceTree = "<group>"; };
		F4353D2D1AC06F10005A6198 /* GPBDictionaryTests+Bool.m */ = {isa = PBXFileReference; fileEncoding = 4; lastKnownFileType = sourcecode.c.objc; path = "GPBDictionaryTests+Bool.m"; sourceTree = "<group>"; };
		F4353D2E1AC06F10005A6198 /* GPBDictionaryTests+Int32.m */ = {isa = PBXFileReference; fileEncoding = 4; lastKnownFileType = sourcecode.c.objc; path = "GPBDictionaryTests+Int32.m"; sourceTree = "<group>"; };
		F4353D2F1AC06F10005A6198 /* GPBDictionaryTests+Int64.m */ = {isa = PBXFileReference; fileEncoding = 4; lastKnownFileType = sourcecode.c.objc; path = "GPBDictionaryTests+Int64.m"; sourceTree = "<group>"; };
		F4353D301AC06F10005A6198 /* GPBDictionaryTests+String.m */ = {isa = PBXFileReference; fileEncoding = 4; lastKnownFileType = sourcecode.c.objc; path = "GPBDictionaryTests+String.m"; sourceTree = "<group>"; };
		F4353D311AC06F10005A6198 /* GPBDictionaryTests+UInt32.m */ = {isa = PBXFileReference; fileEncoding = 4; lastKnownFileType = sourcecode.c.objc; path = "GPBDictionaryTests+UInt32.m"; sourceTree = "<group>"; };
		F4353D321AC06F10005A6198 /* GPBDictionaryTests+UInt64.m */ = {isa = PBXFileReference; fileEncoding = 4; lastKnownFileType = sourcecode.c.objc; path = "GPBDictionaryTests+UInt64.m"; sourceTree = "<group>"; };
		F43725911AC9832D004DCAFB /* GPBDictionary_PackagePrivate.h */ = {isa = PBXFileReference; lastKnownFileType = sourcecode.c.h; path = GPBDictionary_PackagePrivate.h; sourceTree = "<group>"; };
		F43C88CF191D77FC009E917D /* text_format_unittest_data.txt */ = {isa = PBXFileReference; fileEncoding = 4; lastKnownFileType = text; path = text_format_unittest_data.txt; sourceTree = "<group>"; };
		F4411BE71AF12FD700324B4A /* GPBArray_PackagePrivate.h */ = {isa = PBXFileReference; lastKnownFileType = sourcecode.c.h; path = GPBArray_PackagePrivate.h; sourceTree = "<group>"; };
		F4487C511A9F8E0200531423 /* libTestSingleSourceBuild.a */ = {isa = PBXFileReference; explicitFileType = archive.ar; includeInIndex = 0; path = libTestSingleSourceBuild.a; sourceTree = BUILT_PRODUCTS_DIR; };
		F4487C741AADF7F500531423 /* GPBMessageTests+Runtime.m */ = {isa = PBXFileReference; fileEncoding = 4; lastKnownFileType = sourcecode.c.objc; path = "GPBMessageTests+Runtime.m"; sourceTree = "<group>"; };
		F4487C781AADFB3100531423 /* unittest_runtime_proto2.proto */ = {isa = PBXFileReference; lastKnownFileType = text; path = unittest_runtime_proto2.proto; sourceTree = "<group>"; };
		F4487C791AADFB3200531423 /* unittest_runtime_proto3.proto */ = {isa = PBXFileReference; lastKnownFileType = text; path = unittest_runtime_proto3.proto; sourceTree = "<group>"; };
		F4487C7C1AAE06AC00531423 /* GPBUtilities_PackagePrivate.h */ = {isa = PBXFileReference; lastKnownFileType = sourcecode.c.h; path = GPBUtilities_PackagePrivate.h; sourceTree = "<group>"; };
		F4487C7E1AAF62CD00531423 /* GPBMessageTests+Serialization.m */ = {isa = PBXFileReference; fileEncoding = 4; lastKnownFileType = sourcecode.c.objc; path = "GPBMessageTests+Serialization.m"; sourceTree = "<group>"; };
		F4487C821AAF6AB300531423 /* GPBMessageTests+Merge.m */ = {isa = PBXFileReference; fileEncoding = 4; lastKnownFileType = sourcecode.c.objc; path = "GPBMessageTests+Merge.m"; sourceTree = "<group>"; };
		F44929001C866B1900C2548A /* GPBCodedOutputStream_PackagePrivate.h */ = {isa = PBXFileReference; fileEncoding = 4; lastKnownFileType = sourcecode.c.h; path = GPBCodedOutputStream_PackagePrivate.h; sourceTree = "<group>"; };
		F451D3F51A8AAE8700B8A22C /* GPBProtocolBuffers_RuntimeSupport.h */ = {isa = PBXFileReference; lastKnownFileType = sourcecode.c.h; path = GPBProtocolBuffers_RuntimeSupport.h; sourceTree = "<group>"; };
		F45C69CB16DFD08D0081955B /* GPBExtensionInternals.m */ = {isa = PBXFileReference; fileEncoding = 4; lastKnownFileType = sourcecode.c.objc; path = GPBExtensionInternals.m; sourceTree = "<group>"; };
		F45E57C61AE6DC6A000B7D99 /* text_format_map_unittest_data.txt */ = {isa = PBXFileReference; fileEncoding = 4; lastKnownFileType = text; path = text_format_map_unittest_data.txt; sourceTree = "<group>"; };
		F4AC9E1D1A8BEB3500BD6E83 /* unittest_cycle.proto */ = {isa = PBXFileReference; lastKnownFileType = text; path = unittest_cycle.proto; sourceTree = "<group>"; };
		F4B51B1D1BBC610700744318 /* GPBObjectiveCPlusPlusTest.mm */ = {isa = PBXFileReference; fileEncoding = 4; lastKnownFileType = sourcecode.cpp.objcpp; path = GPBObjectiveCPlusPlusTest.mm; sourceTree = "<group>"; };
		F4B6B8AF1A9CC98000892426 /* GPBUnknownField_PackagePrivate.h */ = {isa = PBXFileReference; lastKnownFileType = sourcecode.c.h; path = GPBUnknownField_PackagePrivate.h; sourceTree = "<group>"; };
		F4B6B8B21A9CCBDA00892426 /* GPBUnknownFieldSet_PackagePrivate.h */ = {isa = PBXFileReference; lastKnownFileType = sourcecode.c.h; path = GPBUnknownFieldSet_PackagePrivate.h; sourceTree = "<group>"; };
		F4B6B8B61A9CD1DE00892426 /* GPBExtensionInternals.h */ = {isa = PBXFileReference; lastKnownFileType = sourcecode.c.h; path = GPBExtensionInternals.h; sourceTree = "<group>"; };
		F4B6B8B81A9CD1DE00892426 /* GPBRootObject_PackagePrivate.h */ = {isa = PBXFileReference; lastKnownFileType = sourcecode.c.h; path = GPBRootObject_PackagePrivate.h; sourceTree = "<group>"; };
		F4C4B9E21E1D974F00D3B61D /* GPBDictionaryTests.m */ = {isa = PBXFileReference; fileEncoding = 4; lastKnownFileType = sourcecode.c.objc; path = GPBDictionaryTests.m; sourceTree = "<group>"; };
		F4CF31701B162ED800BD9B06 /* unittest_objc_startup.proto */ = {isa = PBXFileReference; lastKnownFileType = text; path = unittest_objc_startup.proto; sourceTree = "<group>"; };
		F4E675861B21D0000054530B /* Any.pbobjc.h */ = {isa = PBXFileReference; fileEncoding = 4; lastKnownFileType = sourcecode.c.h; name = Any.pbobjc.h; path = google/protobuf/Any.pbobjc.h; sourceTree = "<group>"; };
		F4E675871B21D0000054530B /* Any.pbobjc.m */ = {isa = PBXFileReference; fileEncoding = 4; lastKnownFileType = sourcecode.c.objc; name = Any.pbobjc.m; path = google/protobuf/Any.pbobjc.m; sourceTree = "<group>"; };
		F4E675881B21D0000054530B /* Api.pbobjc.h */ = {isa = PBXFileReference; fileEncoding = 4; lastKnownFileType = sourcecode.c.h; name = Api.pbobjc.h; path = google/protobuf/Api.pbobjc.h; sourceTree = "<group>"; };
		F4E675891B21D0000054530B /* Api.pbobjc.m */ = {isa = PBXFileReference; fileEncoding = 4; lastKnownFileType = sourcecode.c.objc; name = Api.pbobjc.m; path = google/protobuf/Api.pbobjc.m; sourceTree = "<group>"; };
		F4E6758A1B21D0000054530B /* Empty.pbobjc.h */ = {isa = PBXFileReference; fileEncoding = 4; lastKnownFileType = sourcecode.c.h; name = Empty.pbobjc.h; path = google/protobuf/Empty.pbobjc.h; sourceTree = "<group>"; };
		F4E6758B1B21D0000054530B /* Empty.pbobjc.m */ = {isa = PBXFileReference; fileEncoding = 4; lastKnownFileType = sourcecode.c.objc; name = Empty.pbobjc.m; path = google/protobuf/Empty.pbobjc.m; sourceTree = "<group>"; };
		F4E6758C1B21D0000054530B /* FieldMask.pbobjc.h */ = {isa = PBXFileReference; fileEncoding = 4; lastKnownFileType = sourcecode.c.h; name = FieldMask.pbobjc.h; path = google/protobuf/FieldMask.pbobjc.h; sourceTree = "<group>"; };
		F4E6758D1B21D0000054530B /* FieldMask.pbobjc.m */ = {isa = PBXFileReference; fileEncoding = 4; lastKnownFileType = sourcecode.c.objc; name = FieldMask.pbobjc.m; path = google/protobuf/FieldMask.pbobjc.m; sourceTree = "<group>"; };
		F4E6758E1B21D0000054530B /* SourceContext.pbobjc.h */ = {isa = PBXFileReference; fileEncoding = 4; lastKnownFileType = sourcecode.c.h; name = SourceContext.pbobjc.h; path = google/protobuf/SourceContext.pbobjc.h; sourceTree = "<group>"; };
		F4E6758F1B21D0000054530B /* SourceContext.pbobjc.m */ = {isa = PBXFileReference; fileEncoding = 4; lastKnownFileType = sourcecode.c.objc; name = SourceContext.pbobjc.m; path = google/protobuf/SourceContext.pbobjc.m; sourceTree = "<group>"; };
		F4E675901B21D0000054530B /* Struct.pbobjc.h */ = {isa = PBXFileReference; fileEncoding = 4; lastKnownFileType = sourcecode.c.h; name = Struct.pbobjc.h; path = google/protobuf/Struct.pbobjc.h; sourceTree = "<group>"; };
		F4E675911B21D0000054530B /* Struct.pbobjc.m */ = {isa = PBXFileReference; fileEncoding = 4; lastKnownFileType = sourcecode.c.objc; name = Struct.pbobjc.m; path = google/protobuf/Struct.pbobjc.m; sourceTree = "<group>"; };
		F4E675921B21D0000054530B /* Type.pbobjc.h */ = {isa = PBXFileReference; fileEncoding = 4; lastKnownFileType = sourcecode.c.h; name = Type.pbobjc.h; path = google/protobuf/Type.pbobjc.h; sourceTree = "<group>"; };
		F4E675931B21D0000054530B /* Type.pbobjc.m */ = {isa = PBXFileReference; fileEncoding = 4; lastKnownFileType = sourcecode.c.objc; name = Type.pbobjc.m; path = google/protobuf/Type.pbobjc.m; sourceTree = "<group>"; };
		F4E675941B21D0000054530B /* Wrappers.pbobjc.h */ = {isa = PBXFileReference; fileEncoding = 4; lastKnownFileType = sourcecode.c.h; name = Wrappers.pbobjc.h; path = google/protobuf/Wrappers.pbobjc.h; sourceTree = "<group>"; };
		F4E675951B21D0000054530B /* Wrappers.pbobjc.m */ = {isa = PBXFileReference; fileEncoding = 4; lastKnownFileType = sourcecode.c.objc; name = Wrappers.pbobjc.m; path = google/protobuf/Wrappers.pbobjc.m; sourceTree = "<group>"; };
		F4E675A61B21D05C0054530B /* any.proto */ = {isa = PBXFileReference; lastKnownFileType = text; name = any.proto; path = ../src/google/protobuf/any.proto; sourceTree = "<group>"; };
		F4E675A71B21D05C0054530B /* api.proto */ = {isa = PBXFileReference; lastKnownFileType = text; name = api.proto; path = ../src/google/protobuf/api.proto; sourceTree = "<group>"; };
		F4E675A81B21D05C0054530B /* empty.proto */ = {isa = PBXFileReference; lastKnownFileType = text; name = empty.proto; path = ../src/google/protobuf/empty.proto; sourceTree = "<group>"; };
		F4E675A91B21D05C0054530B /* field_mask.proto */ = {isa = PBXFileReference; lastKnownFileType = text; name = field_mask.proto; path = ../src/google/protobuf/field_mask.proto; sourceTree = "<group>"; };
		F4E675AA1B21D05C0054530B /* source_context.proto */ = {isa = PBXFileReference; lastKnownFileType = text; name = source_context.proto; path = ../src/google/protobuf/source_context.proto; sourceTree = "<group>"; };
		F4E675AB1B21D05C0054530B /* struct.proto */ = {isa = PBXFileReference; lastKnownFileType = text; name = struct.proto; path = ../src/google/protobuf/struct.proto; sourceTree = "<group>"; };
		F4E675AC1B21D05C0054530B /* type.proto */ = {isa = PBXFileReference; lastKnownFileType = text; name = type.proto; path = ../src/google/protobuf/type.proto; sourceTree = "<group>"; };
		F4E675AD1B21D05C0054530B /* wrappers.proto */ = {isa = PBXFileReference; lastKnownFileType = text; name = wrappers.proto; path = ../src/google/protobuf/wrappers.proto; sourceTree = "<group>"; };
		F4F8D8811D789FCE002CE128 /* GPBUnittestProtos2.m */ = {isa = PBXFileReference; fileEncoding = 4; lastKnownFileType = sourcecode.c.objc; path = GPBUnittestProtos2.m; sourceTree = "<group>"; };
/* End PBXFileReference section */

/* Begin PBXFrameworksBuildPhase section */
		7461B52C0F94FAF800A0C422 /* Frameworks */ = {
			isa = PBXFrameworksBuildPhase;
			buildActionMask = 2147483647;
			files = (
				7461B5360F94FB4600A0C422 /* Foundation.framework in Frameworks */,
			);
			runOnlyForDeploymentPostprocessing = 0;
		};
		8BBEA4A3147C727100C4ADB7 /* Frameworks */ = {
			isa = PBXFrameworksBuildPhase;
			buildActionMask = 2147483647;
			files = (
				8BBEA4BB147C729200C4ADB7 /* libProtocolBuffers.a in Frameworks */,
				8BF8193514A0DDA600A2C982 /* Foundation.framework in Frameworks */,
			);
			runOnlyForDeploymentPostprocessing = 0;
		};
		F4487C4C1A9F8E0200531423 /* Frameworks */ = {
			isa = PBXFrameworksBuildPhase;
			buildActionMask = 2147483647;
			files = (
				F4487C4D1A9F8E0200531423 /* Foundation.framework in Frameworks */,
			);
			runOnlyForDeploymentPostprocessing = 0;
		};
/* End PBXFrameworksBuildPhase section */

/* Begin PBXGroup section */
		080E96DDFE201D6D7F000001 /* Core Source */ = {
			isa = PBXGroup;
			children = (
				7461B4CD0F94F99000A0C422 /* GPBProtocolBuffers.h */,
				F451D3F51A8AAE8700B8A22C /* GPBProtocolBuffers_RuntimeSupport.h */,
				8BCF338814ED799900BC5317 /* GPBProtocolBuffers.m */,
				7461B3C50F94F84100A0C422 /* Extensions */,
				7461B4850F94F96600A0C422 /* Fields */,
				7461B4860F94F96B00A0C422 /* IO */,
				7461B5150F94FA7300A0C422 /* Messages */,
				8BCF334414ED727300BC5317 /* Support */,
				29B97315FDCFA39411CA2CEA /* Generated */,
			);
			name = "Core Source";
			sourceTree = "<group>";
		};
		19C28FACFE9D520D11CA2CBB /* Products */ = {
			isa = PBXGroup;
			children = (
				7461B52E0F94FAF800A0C422 /* libProtocolBuffers.a */,
				8BBEA4A6147C727100C4ADB7 /* UnitTests.xctest */,
				F4487C511A9F8E0200531423 /* libTestSingleSourceBuild.a */,
			);
			name = Products;
			sourceTree = "<group>";
		};
		29B97314FDCFA39411CA2CEA /* CustomTemplate */ = {
			isa = PBXGroup;
			children = (
				080E96DDFE201D6D7F000001 /* Core Source */,
				7461B6940F94FDDD00A0C422 /* Tests */,
				29B97323FDCFA39411CA2CEA /* Frameworks */,
				19C28FACFE9D520D11CA2CBB /* Products */,
			);
			name = CustomTemplate;
			sourceTree = "<group>";
		};
		29B97315FDCFA39411CA2CEA /* Generated */ = {
			isa = PBXGroup;
			children = (
				F4E675861B21D0000054530B /* Any.pbobjc.h */,
				F4E675871B21D0000054530B /* Any.pbobjc.m */,
				F4E675A61B21D05C0054530B /* any.proto */,
				F4E675881B21D0000054530B /* Api.pbobjc.h */,
				F4E675891B21D0000054530B /* Api.pbobjc.m */,
				F4E675A71B21D05C0054530B /* api.proto */,
				8B4248D31A92826400BC1EC6 /* Duration.pbobjc.h */,
				8B4248D41A92826400BC1EC6 /* Duration.pbobjc.m */,
				8B42494C1A92A16600BC1EC6 /* duration.proto */,
				F4E6758A1B21D0000054530B /* Empty.pbobjc.h */,
				F4E6758B1B21D0000054530B /* Empty.pbobjc.m */,
				F4E675A81B21D05C0054530B /* empty.proto */,
				F4E675A91B21D05C0054530B /* field_mask.proto */,
				F4E6758C1B21D0000054530B /* FieldMask.pbobjc.h */,
				F4E6758D1B21D0000054530B /* FieldMask.pbobjc.m */,
				F4E675AA1B21D05C0054530B /* source_context.proto */,
				F4E6758E1B21D0000054530B /* SourceContext.pbobjc.h */,
				F4E6758F1B21D0000054530B /* SourceContext.pbobjc.m */,
				F4E675901B21D0000054530B /* Struct.pbobjc.h */,
				F4E675911B21D0000054530B /* Struct.pbobjc.m */,
				F4E675AB1B21D05C0054530B /* struct.proto */,
				8B4248D51A92826400BC1EC6 /* Timestamp.pbobjc.h */,
				8B4248D61A92826400BC1EC6 /* Timestamp.pbobjc.m */,
				8B42494D1A92A16600BC1EC6 /* timestamp.proto */,
				F4E675921B21D0000054530B /* Type.pbobjc.h */,
				F4E675931B21D0000054530B /* Type.pbobjc.m */,
				F4E675AC1B21D05C0054530B /* type.proto */,
				F4E675941B21D0000054530B /* Wrappers.pbobjc.h */,
				F4E675951B21D0000054530B /* Wrappers.pbobjc.m */,
				F4E675AD1B21D05C0054530B /* wrappers.proto */,
			);
			name = Generated;
			sourceTree = "<group>";
		};
		29B97323FDCFA39411CA2CEA /* Frameworks */ = {
			isa = PBXGroup;
			children = (
				1D30AB110D05D00D00671497 /* Foundation.framework */,
			);
			name = Frameworks;
			sourceTree = "<group>";
		};
		7461B3C50F94F84100A0C422 /* Extensions */ = {
			isa = PBXGroup;
			children = (
				F4B6B8B61A9CD1DE00892426 /* GPBExtensionInternals.h */,
				F45C69CB16DFD08D0081955B /* GPBExtensionInternals.m */,
				7461B4A80F94F99000A0C422 /* GPBExtensionRegistry.h */,
				7461B4A90F94F99000A0C422 /* GPBExtensionRegistry.m */,
				F4B6B8B81A9CD1DE00892426 /* GPBRootObject_PackagePrivate.h */,
				8B79657814992E3E002FFBFC /* GPBRootObject.h */,
				8B79657914992E3E002FFBFC /* GPBRootObject.m */,
			);
			name = Extensions;
			sourceTree = "<group>";
		};
		7461B4850F94F96600A0C422 /* Fields */ = {
			isa = PBXGroup;
			children = (
				F4B6B8AF1A9CC98000892426 /* GPBUnknownField_PackagePrivate.h */,
				7461B4AE0F94F99000A0C422 /* GPBUnknownField.h */,
				7461B4AF0F94F99000A0C422 /* GPBUnknownField.m */,
				F4B6B8B21A9CCBDA00892426 /* GPBUnknownFieldSet_PackagePrivate.h */,
				7461B4E10F94F99000A0C422 /* GPBUnknownFieldSet.h */,
				7461B4E20F94F99000A0C422 /* GPBUnknownFieldSet.m */,
			);
			name = Fields;
			sourceTree = "<group>";
		};
		7461B4860F94F96B00A0C422 /* IO */ = {
			isa = PBXGroup;
			children = (
				51457B5F18D0B7AF00CCC606 /* GPBCodedInputStream_PackagePrivate.h */,
				7461B48E0F94F99000A0C422 /* GPBCodedInputStream.h */,
				7461B48F0F94F99000A0C422 /* GPBCodedInputStream.m */,
				F44929001C866B1900C2548A /* GPBCodedOutputStream_PackagePrivate.h */,
				7461B4900F94F99000A0C422 /* GPBCodedOutputStream.h */,
				7461B4910F94F99000A0C422 /* GPBCodedOutputStream.m */,
				7461B4E70F94F99000A0C422 /* GPBWireFormat.h */,
				7461B4E80F94F99000A0C422 /* GPBWireFormat.m */,
			);
			name = IO;
			sourceTree = "<group>";
		};
		7461B5150F94FA7300A0C422 /* Messages */ = {
			isa = PBXGroup;
			children = (
				515B840C18B7DEE30031753B /* GPBDescriptor_PackagePrivate.h */,
				8B96157214C8B06000A2AC0B /* GPBDescriptor.h */,
				8B96157314C8C38C00A2AC0B /* GPBDescriptor.m */,
				7461B4BE0F94F99000A0C422 /* GPBMessage.h */,
				5196A06918CE16B000B759E2 /* GPBMessage_PackagePrivate.h */,
				7461B4BF0F94F99000A0C422 /* GPBMessage.m */,
			);
			name = Messages;
			sourceTree = "<group>";
		};
		7461B6940F94FDDD00A0C422 /* Tests */ = {
			isa = PBXGroup;
			children = (
				8B4248B81A8C254000BC1EC6 /* protobuf */,
				8B210CCD159383D60032D72D /* golden_message */,
				8B210CCF159386920032D72D /* golden_packed_fields_message */,
				8B8B615C17DF7056002EE618 /* GPBARCUnittestProtos.m */,
				F401DC321A8E5C0200FCC765 /* GPBArrayTests.m */,
				7461B69B0F94FDF800A0C422 /* GPBCodedInputStreamTests.m */,
				7461B69D0F94FDF800A0C422 /* GPBCodedOuputStreamTests.m */,
				5102DABB1891A052002037B6 /* GPBConcurrencyTests.m */,
				F4353D1C1AB8822D005A6198 /* GPBDescriptorTests.m */,
				F4C4B9E21E1D974F00D3B61D /* GPBDictionaryTests.m */,
				F4353D2C1AC06F10005A6198 /* GPBDictionaryTests.pddm */,
				F4353D2D1AC06F10005A6198 /* GPBDictionaryTests+Bool.m */,
				F4353D2E1AC06F10005A6198 /* GPBDictionaryTests+Int32.m */,
				F4353D2F1AC06F10005A6198 /* GPBDictionaryTests+Int64.m */,
				F4353D301AC06F10005A6198 /* GPBDictionaryTests+String.m */,
				F4353D311AC06F10005A6198 /* GPBDictionaryTests+UInt32.m */,
				F4353D321AC06F10005A6198 /* GPBDictionaryTests+UInt64.m */,
				7461B6A30F94FDF800A0C422 /* GPBMessageTests.m */,
				F4487C821AAF6AB300531423 /* GPBMessageTests+Merge.m */,
				F4487C741AADF7F500531423 /* GPBMessageTests+Runtime.m */,
				F4487C7E1AAF62CD00531423 /* GPBMessageTests+Serialization.m */,
				F4B51B1D1BBC610700744318 /* GPBObjectiveCPlusPlusTest.mm */,
				F41C175C1833D3310064ED4D /* GPBPerfTests.m */,
				8B4248BA1A8C256A00BC1EC6 /* GPBSwiftTests.swift */,
				7461B6AB0F94FDF800A0C422 /* GPBTestUtilities.h */,
				7461B6AC0F94FDF800A0C422 /* GPBTestUtilities.m */,
				8BD3981E14BE59D70081D629 /* GPBUnittestProtos.m */,
				F4F8D8811D789FCE002CE128 /* GPBUnittestProtos2.m */,
				7461B6B80F94FDF900A0C422 /* GPBUnknownFieldSetTest.m */,
				7461B6BA0F94FDF900A0C422 /* GPBUtilitiesTests.m */,
				8B4248DB1A92933A00BC1EC6 /* GPBWellKnownTypesTest.m */,
				7461B6BC0F94FDF900A0C422 /* GPBWireFormatTests.m */,
				F43C88CF191D77FC009E917D /* text_format_unittest_data.txt */,
				F45E57C61AE6DC6A000B7D99 /* text_format_map_unittest_data.txt */,
				8B7E6A7414893DBA00F8884A /* unittest_custom_options.proto */,
				F4AC9E1D1A8BEB3500BD6E83 /* unittest_cycle.proto */,
				8B7E6A7514893DBA00F8884A /* unittest_embed_optimize_for.proto */,
				8B7E6A7614893DBA00F8884A /* unittest_empty.proto */,
				8BD3981D14BE54220081D629 /* unittest_enormous_descriptor.proto */,
				8B7E6A7814893DBB00F8884A /* unittest_import.proto */,
				8BBD9DB016DD1DC8008E1EC1 /* unittest_lite.proto */,
				8B7E6A7B14893DBC00F8884A /* unittest_mset.proto */,
				8B7E6A7C14893DBC00F8884A /* unittest_no_generic_services.proto */,
				8B09AAF614B663A7007B4184 /* unittest_objc.proto */,
				F4CF31701B162ED800BD9B06 /* unittest_objc_startup.proto */,
				8B7E6A7D14893DBC00F8884A /* unittest_optimize_for.proto */,
				F4487C781AADFB3100531423 /* unittest_runtime_proto2.proto */,
				F4487C791AADFB3200531423 /* unittest_runtime_proto3.proto */,
				8B7E6A7E14893DBC00F8884A /* unittest.proto */,
				8B4248B91A8C256900BC1EC6 /* UnitTests-Bridging-Header.h */,
				7401C1A90F950347006D8281 /* UnitTests-Info.plist */,
			);
			path = Tests;
			sourceTree = "<group>";
		};
		8BCF334414ED727300BC5317 /* Support */ = {
			isa = PBXGroup;
			children = (
				F4411BE71AF12FD700324B4A /* GPBArray_PackagePrivate.h */,
				F401DC2A1A8D444600FCC765 /* GPBArray.h */,
				F401DC2B1A8D444600FCC765 /* GPBArray.m */,
				7461B48D0F94F99000A0C422 /* GPBBootstrap.h */,
				F43725911AC9832D004DCAFB /* GPBDictionary_PackagePrivate.h */,
				F4353D201ABB1537005A6198 /* GPBDictionary.h */,
				F4353D211ABB1537005A6198 /* GPBDictionary.m */,
				8BEB5AE01498033E0078BF9D /* GPBRuntimeTypes.h */,
				F4487C7C1AAE06AC00531423 /* GPBUtilities_PackagePrivate.h */,
				7461B4E50F94F99000A0C422 /* GPBUtilities.h */,
				7461B4E60F94F99000A0C422 /* GPBUtilities.m */,
				8B4248CF1A927E1500BC1EC6 /* GPBWellKnownTypes.h */,
				8B4248D01A927E1500BC1EC6 /* GPBWellKnownTypes.m */,
			);
			name = Support;
			sourceTree = "<group>";
		};
/* End PBXGroup section */

/* Begin PBXHeadersBuildPhase section */
		7461B52A0F94FAF800A0C422 /* Headers */ = {
			isa = PBXHeadersBuildPhase;
			buildActionMask = 2147483647;
			files = (
			);
			runOnlyForDeploymentPostprocessing = 0;
		};
		F4487C391A9F8E0200531423 /* Headers */ = {
			isa = PBXHeadersBuildPhase;
			buildActionMask = 2147483647;
			files = (
			);
			runOnlyForDeploymentPostprocessing = 0;
		};
/* End PBXHeadersBuildPhase section */

/* Begin PBXLegacyTarget section */
		F45BBC141B0CE3C6002D064D /* Compile Unittest Protos */ = {
			isa = PBXLegacyTarget;
			buildArgumentsString = "$(ACTION)";
			buildConfigurationList = F45BBC171B0CE3C6002D064D /* Build configuration list for PBXLegacyTarget "Compile Unittest Protos" */;
			buildPhases = (
			);
			buildToolPath = DevTools/compile_testing_protos.sh;
			dependencies = (
			);
			name = "Compile Unittest Protos";
			passBuildSettingsInEnvironment = 1;
			productName = "Compile Unittest Protos";
		};
/* End PBXLegacyTarget section */

/* Begin PBXNativeTarget section */
		7461B52D0F94FAF800A0C422 /* ProtocolBuffers */ = {
			isa = PBXNativeTarget;
			buildConfigurationList = 7461B5330F94FAFD00A0C422 /* Build configuration list for PBXNativeTarget "ProtocolBuffers" */;
			buildPhases = (
				7461B52A0F94FAF800A0C422 /* Headers */,
				7461B52B0F94FAF800A0C422 /* Sources */,
				7461B52C0F94FAF800A0C422 /* Frameworks */,
			);
			buildRules = (
			);
			dependencies = (
			);
			name = ProtocolBuffers;
			productName = "ProtocolBuffers-iPhoneDevice";
			productReference = 7461B52E0F94FAF800A0C422 /* libProtocolBuffers.a */;
			productType = "com.apple.product-type.library.static";
		};
		8BBEA4A5147C727100C4ADB7 /* UnitTests */ = {
			isa = PBXNativeTarget;
			buildConfigurationList = 8BBEA4BA147C728600C4ADB7 /* Build configuration list for PBXNativeTarget "UnitTests" */;
			buildPhases = (
				F4B62A781AF91F6000AFCEDC /* Script: Check Runtime Stamps */,
				8BBEA4A1147C727100C4ADB7 /* Resources */,
				8BBEA4A2147C727100C4ADB7 /* Sources */,
				8BBEA4A3147C727100C4ADB7 /* Frameworks */,
			);
			buildRules = (
			);
			dependencies = (
				8BBEA4BD147C729A00C4ADB7 /* PBXTargetDependency */,
				F45BBC191B0CE3D7002D064D /* PBXTargetDependency */,
			);
			name = UnitTests;
			productName = UnitTests;
			productReference = 8BBEA4A6147C727100C4ADB7 /* UnitTests.xctest */;
			productType = "com.apple.product-type.bundle.unit-test";
		};
		F4487C381A9F8E0200531423 /* TestSingleSourceBuild */ = {
			isa = PBXNativeTarget;
			buildConfigurationList = F4487C4E1A9F8E0200531423 /* Build configuration list for PBXNativeTarget "TestSingleSourceBuild" */;
			buildPhases = (
				F4487C391A9F8E0200531423 /* Headers */,
				F4487C3D1A9F8E0200531423 /* Sources */,
				F4487C4C1A9F8E0200531423 /* Frameworks */,
			);
			buildRules = (
			);
			dependencies = (
			);
			name = TestSingleSourceBuild;
			productName = "ProtocolBuffers-iPhoneDevice";
			productReference = F4487C511A9F8E0200531423 /* libTestSingleSourceBuild.a */;
			productType = "com.apple.product-type.library.static";
		};
/* End PBXNativeTarget section */

/* Begin PBXProject section */
		29B97313FDCFA39411CA2CEA /* Project object */ = {
			isa = PBXProject;
			attributes = {
				LastSwiftUpdateCheck = 0710;
				LastTestingUpgradeCheck = 0600;
				LastUpgradeCheck = 0800;
				TargetAttributes = {
					8BBEA4A5147C727100C4ADB7 = {
						LastSwiftMigration = 0800;
						TestTargetID = 8B9A5EA41831993600A9D33B;
					};
					F45BBC141B0CE3C6002D064D = {
						CreatedOnToolsVersion = 6.3.2;
					};
				};
			};
			buildConfigurationList = C01FCF4E08A954540054247B /* Build configuration list for PBXProject "ProtocolBuffers_OSX" */;
			compatibilityVersion = "Xcode 6.3";
			developmentRegion = English;
			hasScannedForEncodings = 1;
			knownRegions = (
				en,
			);
			mainGroup = 29B97314FDCFA39411CA2CEA /* CustomTemplate */;
			projectDirPath = "";
			projectRoot = "";
			targets = (
				7461B52D0F94FAF800A0C422 /* ProtocolBuffers */,
				8BBEA4A5147C727100C4ADB7 /* UnitTests */,
				F4487C381A9F8E0200531423 /* TestSingleSourceBuild */,
				F45BBC141B0CE3C6002D064D /* Compile Unittest Protos */,
			);
		};
/* End PBXProject section */

/* Begin PBXResourcesBuildPhase section */
		8BBEA4A1147C727100C4ADB7 /* Resources */ = {
			isa = PBXResourcesBuildPhase;
			buildActionMask = 2147483647;
			files = (
				8B210CCE159383D60032D72D /* golden_message in Resources */,
				F43C88D0191D77FC009E917D /* text_format_unittest_data.txt in Resources */,
				8B210CD0159386920032D72D /* golden_packed_fields_message in Resources */,
				F45E57C71AE6DC6A000B7D99 /* text_format_map_unittest_data.txt in Resources */,
			);
			runOnlyForDeploymentPostprocessing = 0;
		};
/* End PBXResourcesBuildPhase section */

/* Begin PBXShellScriptBuildPhase section */
		F4B62A781AF91F6000AFCEDC /* Script: Check Runtime Stamps */ = {
			isa = PBXShellScriptBuildPhase;
			buildActionMask = 2147483647;
			files = (
			);
			inputPaths = (
			);
			name = "Script: Check Runtime Stamps";
			outputPaths = (
			);
			runOnlyForDeploymentPostprocessing = 0;
			shellPath = /bin/sh;
			shellScript = "set -eu\nexec \"${SOURCE_ROOT}/DevTools/check_version_stamps.sh\"\n";
			showEnvVarsInLog = 0;
		};
/* End PBXShellScriptBuildPhase section */

/* Begin PBXSourcesBuildPhase section */
		7461B52B0F94FAF800A0C422 /* Sources */ = {
			isa = PBXSourcesBuildPhase;
			buildActionMask = 2147483647;
			files = (
				7461B53C0F94FB4E00A0C422 /* GPBCodedInputStream.m in Sources */,
				F4E6759B1B21D0000054530B /* Empty.pbobjc.m in Sources */,
				7461B53D0F94FB4E00A0C422 /* GPBCodedOutputStream.m in Sources */,
				F401DC2D1A8D444600FCC765 /* GPBArray.m in Sources */,
				7461B5490F94FB4E00A0C422 /* GPBExtensionRegistry.m in Sources */,
				F4E6759D1B21D0000054530B /* FieldMask.pbobjc.m in Sources */,
				7461B54C0F94FB4E00A0C422 /* GPBUnknownField.m in Sources */,
				7461B5530F94FB4E00A0C422 /* GPBMessage.m in Sources */,
				F47476E51D21A524007C7B1A /* Duration.pbobjc.m in Sources */,
				7461B5610F94FB4E00A0C422 /* GPBUnknownFieldSet.m in Sources */,
				7461B5630F94FB4E00A0C422 /* GPBUtilities.m in Sources */,
				7461B5640F94FB4E00A0C422 /* GPBWireFormat.m in Sources */,
				F4E675991B21D0000054530B /* Api.pbobjc.m in Sources */,
				F4E6759F1B21D0000054530B /* SourceContext.pbobjc.m in Sources */,
				F4353D231ABB1537005A6198 /* GPBDictionary.m in Sources */,
				8B79657B14992E3F002FFBFC /* GPBRootObject.m in Sources */,
				8B96157414C8C38C00A2AC0B /* GPBDescriptor.m in Sources */,
				F4E675971B21D0000054530B /* Any.pbobjc.m in Sources */,
				F45C69CC16DFD08D0081955B /* GPBExtensionInternals.m in Sources */,
				8B4248D21A927E1500BC1EC6 /* GPBWellKnownTypes.m in Sources */,
				F4E675A31B21D0000054530B /* Type.pbobjc.m in Sources */,
				F4E675A11B21D0000054530B /* Struct.pbobjc.m in Sources */,
				F4E675A51B21D0000054530B /* Wrappers.pbobjc.m in Sources */,
				F47476E61D21A524007C7B1A /* Timestamp.pbobjc.m in Sources */,
			);
			runOnlyForDeploymentPostprocessing = 0;
		};
		8BBEA4A2147C727100C4ADB7 /* Sources */ = {
			isa = PBXSourcesBuildPhase;
			buildActionMask = 2147483647;
			files = (
				8BBEA4A9147C727D00C4ADB7 /* GPBCodedInputStreamTests.m in Sources */,
				F401DC331A8E5C0200FCC765 /* GPBArrayTests.m in Sources */,
				F4353D361AC06F10005A6198 /* GPBDictionaryTests+Int64.m in Sources */,
				F4353D391AC06F10005A6198 /* GPBDictionaryTests+UInt64.m in Sources */,
				8BBEA4AA147C727D00C4ADB7 /* GPBCodedOuputStreamTests.m in Sources */,
				8BBEA4AC147C727D00C4ADB7 /* GPBMessageTests.m in Sources */,
				F4B51B1E1BBC610700744318 /* GPBObjectiveCPlusPlusTest.mm in Sources */,
				F4487C7F1AAF62CD00531423 /* GPBMessageTests+Serialization.m in Sources */,
				8B4248DC1A92933A00BC1EC6 /* GPBWellKnownTypesTest.m in Sources */,
				F4F8D8831D789FD9002CE128 /* GPBUnittestProtos2.m in Sources */,
				F4353D1D1AB8822D005A6198 /* GPBDescriptorTests.m in Sources */,
				8B4248BB1A8C256A00BC1EC6 /* GPBSwiftTests.swift in Sources */,
				5102DABC1891A073002037B6 /* GPBConcurrencyTests.m in Sources */,
				F4487C751AADF7F500531423 /* GPBMessageTests+Runtime.m in Sources */,
				F4353D351AC06F10005A6198 /* GPBDictionaryTests+Int32.m in Sources */,
				8BBEA4B0147C727D00C4ADB7 /* GPBTestUtilities.m in Sources */,
				F41C175D1833D3310064ED4D /* GPBPerfTests.m in Sources */,
				F4353D341AC06F10005A6198 /* GPBDictionaryTests+Bool.m in Sources */,
				F4487C831AAF6AB300531423 /* GPBMessageTests+Merge.m in Sources */,
				8BBEA4B6147C727D00C4ADB7 /* GPBUnknownFieldSetTest.m in Sources */,
				F4353D371AC06F10005A6198 /* GPBDictionaryTests+String.m in Sources */,
				F4353D381AC06F10005A6198 /* GPBDictionaryTests+UInt32.m in Sources */,
				8BBEA4B7147C727D00C4ADB7 /* GPBUtilitiesTests.m in Sources */,
				F4C4B9E41E1D976300D3B61D /* GPBDictionaryTests.m in Sources */,
				8BBEA4B8147C727D00C4ADB7 /* GPBWireFormatTests.m in Sources */,
				8BD3981F14BE59D70081D629 /* GPBUnittestProtos.m in Sources */,
				8B8B615D17DF7056002EE618 /* GPBARCUnittestProtos.m in Sources */,
			);
			runOnlyForDeploymentPostprocessing = 0;
		};
		F4487C3D1A9F8E0200531423 /* Sources */ = {
			isa = PBXSourcesBuildPhase;
			buildActionMask = 2147483647;
			files = (
				F4487C521A9F8E4D00531423 /* GPBProtocolBuffers.m in Sources */,
			);
			runOnlyForDeploymentPostprocessing = 0;
		};
/* End PBXSourcesBuildPhase section */

/* Begin PBXTargetDependency section */
		8BBEA4BD147C729A00C4ADB7 /* PBXTargetDependency */ = {
			isa = PBXTargetDependency;
			target = 7461B52D0F94FAF800A0C422 /* ProtocolBuffers */;
			targetProxy = 8BBEA4BC147C729A00C4ADB7 /* PBXContainerItemProxy */;
		};
		F45BBC191B0CE3D7002D064D /* PBXTargetDependency */ = {
			isa = PBXTargetDependency;
			target = F45BBC141B0CE3C6002D064D /* Compile Unittest Protos */;
			targetProxy = F45BBC181B0CE3D7002D064D /* PBXContainerItemProxy */;
		};
/* End PBXTargetDependency section */

/* Begin XCBuildConfiguration section */
		7461B52F0F94FAFA00A0C422 /* Debug */ = {
			isa = XCBuildConfiguration;
			buildSettings = {
				COMBINE_HIDPI_IMAGES = YES;
				HEADER_SEARCH_PATHS = "$(SRCROOT)";
				PRODUCT_NAME = ProtocolBuffers;
			};
			name = Debug;
		};
		7461B5300F94FAFA00A0C422 /* Release */ = {
			isa = XCBuildConfiguration;
			buildSettings = {
				COMBINE_HIDPI_IMAGES = YES;
				HEADER_SEARCH_PATHS = "$(SRCROOT)";
				PRODUCT_NAME = ProtocolBuffers;
			};
			name = Release;
		};
		8BBEA4A7147C727100C4ADB7 /* Debug */ = {
			isa = XCBuildConfiguration;
			buildSettings = {
				CLANG_ENABLE_MODULES = YES;
				COMBINE_HIDPI_IMAGES = YES;
				HEADER_SEARCH_PATHS = (
					"${PROJECT_DERIVED_FILE_DIR}/protos",
					"$(SRCROOT)",
				);
				INFOPLIST_FILE = "Tests/UnitTests-Info.plist";
				LD_RUNPATH_SEARCH_PATHS = "$(inherited) @executable_path/../Frameworks @loader_path/../Frameworks";
				OTHER_LDFLAGS = "-ObjC";
				PRODUCT_BUNDLE_IDENTIFIER = "com.yourcompany.${PRODUCT_NAME:identifier}";
				PRODUCT_NAME = UnitTests;
				SWIFT_OBJC_BRIDGING_HEADER = "Tests/UnitTests-Bridging-Header.h";
				SWIFT_OPTIMIZATION_LEVEL = "-Onone";
				SWIFT_VERSION = 3.0;
				WARNING_CFLAGS = (
					"$(inherited)",
					"-Wno-documentation-unknown-command",
					"-Wno-reserved-id-macro",
					"-Wno-direct-ivar-access",
				);
			};
			name = Debug;
		};
		8BBEA4A8147C727100C4ADB7 /* Release */ = {
			isa = XCBuildConfiguration;
			buildSettings = {
				CLANG_ENABLE_MODULES = YES;
				COMBINE_HIDPI_IMAGES = YES;
				HEADER_SEARCH_PATHS = (
					"${PROJECT_DERIVED_FILE_DIR}/protos",
					"$(SRCROOT)",
				);
				INFOPLIST_FILE = "Tests/UnitTests-Info.plist";
				LD_RUNPATH_SEARCH_PATHS = "$(inherited) @executable_path/../Frameworks @loader_path/../Frameworks";
				OTHER_LDFLAGS = "-ObjC";
				PRODUCT_BUNDLE_IDENTIFIER = "com.yourcompany.${PRODUCT_NAME:identifier}";
				PRODUCT_NAME = UnitTests;
				SWIFT_OBJC_BRIDGING_HEADER = "Tests/UnitTests-Bridging-Header.h";
				SWIFT_VERSION = 3.0;
				WARNING_CFLAGS = (
					"$(inherited)",
					"-Wno-documentation-unknown-command",
					"-Wno-reserved-id-macro",
					"-Wno-direct-ivar-access",
				);
			};
			name = Release;
		};
		C01FCF4F08A954540054247B /* Debug */ = {
			isa = XCBuildConfiguration;
			buildSettings = {
				ALWAYS_SEARCH_USER_PATHS = YES;
				CLANG_ANALYZER_NONNULL = YES;
				CLANG_ANALYZER_SECURITY_FLOATLOOPCOUNTER = YES;
				CLANG_ANALYZER_SECURITY_INSECUREAPI_RAND = YES;
				CLANG_ANALYZER_SECURITY_INSECUREAPI_STRCPY = YES;
				CLANG_STATIC_ANALYZER_MODE = deep;
				CLANG_WARN_ASSIGN_ENUM = YES;
				CLANG_WARN_DEPRECATED_OBJC_IMPLEMENTATIONS = YES;
				CLANG_WARN_DOCUMENTATION_COMMENTS = YES;
				CLANG_WARN_EMPTY_BODY = YES;
				CLANG_WARN_INFINITE_RECURSION = YES;
				CLANG_WARN_NULLABLE_TO_NONNULL_CONVERSION = YES;
				CLANG_WARN_OBJC_EXPLICIT_OWNERSHIP_TYPE = YES;
				CLANG_WARN_OBJC_IMPLICIT_ATOMIC_PROPERTIES = YES;
				CLANG_WARN_OBJC_IMPLICIT_RETAIN_SELF = YES;
				CLANG_WARN_OBJC_MISSING_PROPERTY_SYNTHESIS = YES;
				CLANG_WARN_SUSPICIOUS_IMPLICIT_CONVERSION = YES;
				CLANG_WARN_SUSPICIOUS_MOVE = YES;
				CLANG_WARN_UNREACHABLE_CODE = YES_AGGRESSIVE;
				CLANG_WARN__DUPLICATE_METHOD_MATCH = YES;
				ENABLE_STRICT_OBJC_MSGSEND = YES;
				ENABLE_TESTABILITY = YES;
				GCC_C_LANGUAGE_STANDARD = c99;
				GCC_NO_COMMON_BLOCKS = YES;
				GCC_OPTIMIZATION_LEVEL = 0;
				GCC_PREPROCESSOR_DEFINITIONS = "DEBUG=1";
				GCC_TREAT_IMPLICIT_FUNCTION_DECLARATIONS_AS_ERRORS = YES;
				GCC_TREAT_INCOMPATIBLE_POINTER_TYPE_WARNINGS_AS_ERRORS = YES;
				GCC_TREAT_WARNINGS_AS_ERRORS = YES;
				GCC_WARN_64_TO_32_BIT_CONVERSION = YES;
				GCC_WARN_ABOUT_MISSING_FIELD_INITIALIZERS = YES;
				GCC_WARN_ABOUT_MISSING_NEWLINE = YES;
				GCC_WARN_ABOUT_MISSING_PROTOTYPES = YES;
				GCC_WARN_ABOUT_RETURN_TYPE = YES;
				GCC_WARN_HIDDEN_VIRTUAL_FUNCTIONS = YES;
				GCC_WARN_INITIALIZER_NOT_FULLY_BRACKETED = YES;
				GCC_WARN_MISSING_PARENTHESES = YES;
				GCC_WARN_NON_VIRTUAL_DESTRUCTOR = YES;
				GCC_WARN_SHADOW = YES;
				GCC_WARN_SIGN_COMPARE = YES;
				GCC_WARN_UNDECLARED_SELECTOR = YES;
				GCC_WARN_UNINITIALIZED_AUTOS = YES_AGGRESSIVE;
				GCC_WARN_UNKNOWN_PRAGMAS = YES;
				GCC_WARN_UNUSED_FUNCTION = YES;
				GCC_WARN_UNUSED_LABEL = YES;
				GCC_WARN_UNUSED_PARAMETER = YES;
				GCC_WARN_UNUSED_VARIABLE = YES;
				GENERATE_PROFILING_CODE = NO;
				MACOSX_DEPLOYMENT_TARGET = 10.9;
				ONLY_ACTIVE_ARCH = YES;
				RUN_CLANG_STATIC_ANALYZER = YES;
				SDKROOT = macosx;
				WARNING_CFLAGS = (
					"-Wdocumentation-unknown-command",
					"-Wundef",
					"-Wreserved-id-macro",
					"-Wswitch-enum",
					"-Wdirect-ivar-access",
					"-Woverriding-method-mismatch",
				);
			};
			name = Debug;
		};
		C01FCF5008A954540054247B /* Release */ = {
			isa = XCBuildConfiguration;
			buildSettings = {
				ALWAYS_SEARCH_USER_PATHS = YES;
				CLANG_ANALYZER_NONNULL = YES;
				CLANG_ANALYZER_SECURITY_FLOATLOOPCOUNTER = YES;
				CLANG_ANALYZER_SECURITY_INSECUREAPI_RAND = YES;
				CLANG_ANALYZER_SECURITY_INSECUREAPI_STRCPY = YES;
				CLANG_STATIC_ANALYZER_MODE = deep;
				CLANG_WARN_ASSIGN_ENUM = YES;
				CLANG_WARN_DEPRECATED_OBJC_IMPLEMENTATIONS = YES;
				CLANG_WARN_DOCUMENTATION_COMMENTS = YES;
				CLANG_WARN_EMPTY_BODY = YES;
				CLANG_WARN_INFINITE_RECURSION = YES;
				CLANG_WARN_NULLABLE_TO_NONNULL_CONVERSION = YES;
				CLANG_WARN_OBJC_EXPLICIT_OWNERSHIP_TYPE = YES;
				CLANG_WARN_OBJC_IMPLICIT_ATOMIC_PROPERTIES = YES;
				CLANG_WARN_OBJC_IMPLICIT_RETAIN_SELF = YES;
				CLANG_WARN_OBJC_MISSING_PROPERTY_SYNTHESIS = YES;
				CLANG_WARN_SUSPICIOUS_IMPLICIT_CONVERSION = YES;
				CLANG_WARN_SUSPICIOUS_MOVE = YES;
				CLANG_WARN_UNREACHABLE_CODE = YES_AGGRESSIVE;
				CLANG_WARN__DUPLICATE_METHOD_MATCH = YES;
				ENABLE_NS_ASSERTIONS = NO;
				ENABLE_STRICT_OBJC_MSGSEND = YES;
				GCC_C_LANGUAGE_STANDARD = c99;
				GCC_NO_COMMON_BLOCKS = YES;
				GCC_TREAT_IMPLICIT_FUNCTION_DECLARATIONS_AS_ERRORS = YES;
				GCC_TREAT_INCOMPATIBLE_POINTER_TYPE_WARNINGS_AS_ERRORS = YES;
				GCC_TREAT_WARNINGS_AS_ERRORS = YES;
				GCC_WARN_64_TO_32_BIT_CONVERSION = YES;
				GCC_WARN_ABOUT_MISSING_FIELD_INITIALIZERS = YES;
				GCC_WARN_ABOUT_MISSING_NEWLINE = YES;
				GCC_WARN_ABOUT_MISSING_PROTOTYPES = YES;
				GCC_WARN_ABOUT_RETURN_TYPE = YES;
				GCC_WARN_HIDDEN_VIRTUAL_FUNCTIONS = YES;
				GCC_WARN_INITIALIZER_NOT_FULLY_BRACKETED = YES;
				GCC_WARN_MISSING_PARENTHESES = YES;
				GCC_WARN_NON_VIRTUAL_DESTRUCTOR = YES;
				GCC_WARN_SHADOW = YES;
				GCC_WARN_SIGN_COMPARE = YES;
				GCC_WARN_UNDECLARED_SELECTOR = YES;
				GCC_WARN_UNINITIALIZED_AUTOS = YES_AGGRESSIVE;
				GCC_WARN_UNKNOWN_PRAGMAS = YES;
				GCC_WARN_UNUSED_FUNCTION = YES;
				GCC_WARN_UNUSED_LABEL = YES;
				GCC_WARN_UNUSED_PARAMETER = YES;
				GCC_WARN_UNUSED_VARIABLE = YES;
				GENERATE_PROFILING_CODE = NO;
				MACOSX_DEPLOYMENT_TARGET = 10.9;
				RUN_CLANG_STATIC_ANALYZER = YES;
				SDKROOT = macosx;
				SWIFT_OPTIMIZATION_LEVEL = "-Owholemodule";
				WARNING_CFLAGS = (
					"-Wdocumentation-unknown-command",
					"-Wundef",
					"-Wreserved-id-macro",
					"-Wswitch-enum",
					"-Wdirect-ivar-access",
					"-Woverriding-method-mismatch",
				);
			};
			name = Release;
		};
		F4487C4F1A9F8E0200531423 /* Debug */ = {
			isa = XCBuildConfiguration;
			buildSettings = {
				COMBINE_HIDPI_IMAGES = YES;
				HEADER_SEARCH_PATHS = "$(SRCROOT)";
				PRODUCT_NAME = TestSingleSourceBuild;
			};
			name = Debug;
		};
		F4487C501A9F8E0200531423 /* Release */ = {
			isa = XCBuildConfiguration;
			buildSettings = {
				COMBINE_HIDPI_IMAGES = YES;
				HEADER_SEARCH_PATHS = "$(SRCROOT)";
				PRODUCT_NAME = TestSingleSourceBuild;
			};
			name = Release;
		};
		F45BBC151B0CE3C6002D064D /* Debug */ = {
			isa = XCBuildConfiguration;
			buildSettings = {
			};
			name = Debug;
		};
		F45BBC161B0CE3C6002D064D /* Release */ = {
			isa = XCBuildConfiguration;
			buildSettings = {
			};
			name = Release;
		};
/* End XCBuildConfiguration section */

/* Begin XCConfigurationList section */
		7461B5330F94FAFD00A0C422 /* Build configuration list for PBXNativeTarget "ProtocolBuffers" */ = {
			isa = XCConfigurationList;
			buildConfigurations = (
				7461B52F0F94FAFA00A0C422 /* Debug */,
				7461B5300F94FAFA00A0C422 /* Release */,
			);
			defaultConfigurationIsVisible = 0;
			defaultConfigurationName = Release;
		};
		8BBEA4BA147C728600C4ADB7 /* Build configuration list for PBXNativeTarget "UnitTests" */ = {
			isa = XCConfigurationList;
			buildConfigurations = (
				8BBEA4A7147C727100C4ADB7 /* Debug */,
				8BBEA4A8147C727100C4ADB7 /* Release */,
			);
			defaultConfigurationIsVisible = 0;
			defaultConfigurationName = Release;
		};
		C01FCF4E08A954540054247B /* Build configuration list for PBXProject "ProtocolBuffers_OSX" */ = {
			isa = XCConfigurationList;
			buildConfigurations = (
				C01FCF4F08A954540054247B /* Debug */,
				C01FCF5008A954540054247B /* Release */,
			);
			defaultConfigurationIsVisible = 0;
			defaultConfigurationName = Release;
		};
		F4487C4E1A9F8E0200531423 /* Build configuration list for PBXNativeTarget "TestSingleSourceBuild" */ = {
			isa = XCConfigurationList;
			buildConfigurations = (
				F4487C4F1A9F8E0200531423 /* Debug */,
				F4487C501A9F8E0200531423 /* Release */,
			);
			defaultConfigurationIsVisible = 0;
			defaultConfigurationName = Release;
		};
		F45BBC171B0CE3C6002D064D /* Build configuration list for PBXLegacyTarget "Compile Unittest Protos" */ = {
			isa = XCConfigurationList;
			buildConfigurations = (
				F45BBC151B0CE3C6002D064D /* Debug */,
				F45BBC161B0CE3C6002D064D /* Release */,
			);
			defaultConfigurationIsVisible = 0;
			defaultConfigurationName = Release;
		};
/* End XCConfigurationList section */
	};
	rootObject = 29B97313FDCFA39411CA2CEA /* Project object */;
}
