
Microsoft Visual Studio Solution File, Format Version 10.00
# Visual Studio 2008
Project("{8BC9CEB8-8B4A-11D0-8D11-00A0C91BC942}") = "libprotobuf", "libprotobuf.vcproj", "{3E283F37-A4ED-41B7-A3E6-A2D89D131A30}"
EndProject
Project("{8BC9CEB8-8B4A-11D0-8D11-00A0C91BC942}") = "libprotoc", "libprotoc.vcproj", "{B84FF31A-5F9A-46F8-AB22-DBFC9BECE3BE}"
	ProjectSection(ProjectDependencies) = postProject
		{3E283F37-A4ED-41B7-A3E6-A2D89D131A30} = {3E283F37-A4ED-41B7-A3E6-A2D89D131A30}
	EndProjectSection
EndProject
Project("{8BC9CEB8-8B4A-11D0-8D11-00A0C91BC942}") = "protoc", "protoc.vcproj", "{1738D5F6-ED1E-47E0-B2F0-456864B93C1E}"
	ProjectSection(ProjectDependencies) = postProject
		{B84FF31A-5F9A-46F8-AB22-DBFC9BECE3BE} = {B84FF31A-5F9A-46F8-AB22-DBFC9BECE3BE}
		{3E283F37-A4ED-41B7-A3E6-A2D89D131A30} = {3E283F37-A4ED-41B7-A3E6-A2D89D131A30}
	EndProjectSection
EndProject
Project("{8BC9CEB8-8B4A-11D0-8D11-00A0C91BC942}") = "tests", "tests.vcproj", "{4DF72760-C055-40A5-A77E-30A17E2AC2DB}"
	ProjectSection(ProjectDependencies) = postProject
		{B84FF31A-5F9A-46F8-AB22-DBFC9BECE3BE} = {B84FF31A-5F9A-46F8-AB22-DBFC9BECE3BE}
		{3E283F37-A4ED-41B7-A3E6-A2D89D131A30} = {3E283F37-A4ED-41B7-A3E6-A2D89D131A30}
		{1738D5F6-ED1E-47E0-B2F0-456864B93C1E} = {1738D5F6-ED1E-47E0-B2F0-456864B93C1E}
	EndProjectSection
EndProject
Project("{FAE04EC0-301F-11D3-BF4B-00C04F79EFBC}") = "ProtocolBuffers", "..\csharp\ProtocolBuffers\ProtocolBuffers.csproj", "{6908BDCE-D925-43F3-94AC-A531E6DF2591}"
EndProject
Project("{FAE04EC0-301F-11D3-BF4B-00C04F79EFBC}") = "ProtocolBuffers.Test", "..\csharp\ProtocolBuffers.Test\ProtocolBuffers.Test.csproj", "{DD01ED24-3750-4567-9A23-1DB676A15610}"
EndProject
Project("{FAE04EC0-301F-11D3-BF4B-00C04F79EFBC}") = "TestBed", "..\csharp\TestBed\TestBed.csproj", "{BFA454A0-63F3-4850-BE9C-8CACD242EB50}"
EndProject
Project("{FAE04EC0-301F-11D3-BF4B-00C04F79EFBC}") = "ProtoGen", "..\csharp\ProtoGen\ProtoGen.csproj", "{250ADE34-82FD-4BAE-86D5-985FBE589C4A}"
EndProject
Project("{FAE04EC0-301F-11D3-BF4B-00C04F79EFBC}") = "ProtoGen.Test", "..\csharp\ProtoGen.Test\ProtoGen.Test.csproj", "{C268DA4C-4004-47DA-AF23-44C983281A68}"
EndProject
Global
	GlobalSection(SolutionConfigurationPlatforms) = preSolution
		Debug|Any CPU = Debug|Any CPU
		Debug|Mixed Platforms = Debug|Mixed Platforms
		Debug|Win32 = Debug|Win32
		Release|Any CPU = Release|Any CPU
		Release|Mixed Platforms = Release|Mixed Platforms
		Release|Win32 = Release|Win32
	EndGlobalSection
	GlobalSection(ProjectConfigurationPlatforms) = postSolution
		{3E283F37-A4ED-41B7-A3E6-A2D89D131A30}.Debug|Any CPU.ActiveCfg = Debug|Win32
		{3E283F37-A4ED-41B7-A3E6-A2D89D131A30}.Debug|Mixed Platforms.ActiveCfg = Debug|Win32
		{3E283F37-A4ED-41B7-A3E6-A2D89D131A30}.Debug|Mixed Platforms.Build.0 = Debug|Win32
		{3E283F37-A4ED-41B7-A3E6-A2D89D131A30}.Debug|Win32.ActiveCfg = Debug|Win32
		{3E283F37-A4ED-41B7-A3E6-A2D89D131A30}.Debug|Win32.Build.0 = Debug|Win32
		{3E283F37-A4ED-41B7-A3E6-A2D89D131A30}.Release|Any CPU.ActiveCfg = Release|Win32
		{3E283F37-A4ED-41B7-A3E6-A2D89D131A30}.Release|Mixed Platforms.ActiveCfg = Release|Win32
		{3E283F37-A4ED-41B7-A3E6-A2D89D131A30}.Release|Mixed Platforms.Build.0 = Release|Win32
		{3E283F37-A4ED-41B7-A3E6-A2D89D131A30}.Release|Win32.ActiveCfg = Release|Win32
		{3E283F37-A4ED-41B7-A3E6-A2D89D131A30}.Release|Win32.Build.0 = Release|Win32
		{B84FF31A-5F9A-46F8-AB22-DBFC9BECE3BE}.Debug|Any CPU.ActiveCfg = Debug|Win32
		{B84FF31A-5F9A-46F8-AB22-DBFC9BECE3BE}.Debug|Mixed Platforms.ActiveCfg = Debug|Win32
		{B84FF31A-5F9A-46F8-AB22-DBFC9BECE3BE}.Debug|Mixed Platforms.Build.0 = Debug|Win32
		{B84FF31A-5F9A-46F8-AB22-DBFC9BECE3BE}.Debug|Win32.ActiveCfg = Debug|Win32
		{B84FF31A-5F9A-46F8-AB22-DBFC9BECE3BE}.Debug|Win32.Build.0 = Debug|Win32
		{B84FF31A-5F9A-46F8-AB22-DBFC9BECE3BE}.Release|Any CPU.ActiveCfg = Release|Win32
		{B84FF31A-5F9A-46F8-AB22-DBFC9BECE3BE}.Release|Mixed Platforms.ActiveCfg = Release|Win32
		{B84FF31A-5F9A-46F8-AB22-DBFC9BECE3BE}.Release|Mixed Platforms.Build.0 = Release|Win32
		{B84FF31A-5F9A-46F8-AB22-DBFC9BECE3BE}.Release|Win32.ActiveCfg = Release|Win32
		{B84FF31A-5F9A-46F8-AB22-DBFC9BECE3BE}.Release|Win32.Build.0 = Release|Win32
		{1738D5F6-ED1E-47E0-B2F0-456864B93C1E}.Debug|Any CPU.ActiveCfg = Debug|Win32
		{1738D5F6-ED1E-47E0-B2F0-456864B93C1E}.Debug|Mixed Platforms.ActiveCfg = Debug|Win32
		{1738D5F6-ED1E-47E0-B2F0-456864B93C1E}.Debug|Mixed Platforms.Build.0 = Debug|Win32
		{1738D5F6-ED1E-47E0-B2F0-456864B93C1E}.Debug|Win32.ActiveCfg = Debug|Win32
		{1738D5F6-ED1E-47E0-B2F0-456864B93C1E}.Debug|Win32.Build.0 = Debug|Win32
		{1738D5F6-ED1E-47E0-B2F0-456864B93C1E}.Release|Any CPU.ActiveCfg = Release|Win32
		{1738D5F6-ED1E-47E0-B2F0-456864B93C1E}.Release|Mixed Platforms.ActiveCfg = Release|Win32
		{1738D5F6-ED1E-47E0-B2F0-456864B93C1E}.Release|Mixed Platforms.Build.0 = Release|Win32
		{1738D5F6-ED1E-47E0-B2F0-456864B93C1E}.Release|Win32.ActiveCfg = Release|Win32
		{1738D5F6-ED1E-47E0-B2F0-456864B93C1E}.Release|Win32.Build.0 = Release|Win32
		{4DF72760-C055-40A5-A77E-30A17E2AC2DB}.Debug|Any CPU.ActiveCfg = Debug|Win32
		{4DF72760-C055-40A5-A77E-30A17E2AC2DB}.Debug|Mixed Platforms.ActiveCfg = Debug|Win32
		{4DF72760-C055-40A5-A77E-30A17E2AC2DB}.Debug|Mixed Platforms.Build.0 = Debug|Win32
		{4DF72760-C055-40A5-A77E-30A17E2AC2DB}.Debug|Win32.ActiveCfg = Debug|Win32
		{4DF72760-C055-40A5-A77E-30A17E2AC2DB}.Release|Any CPU.ActiveCfg = Release|Win32
		{4DF72760-C055-40A5-A77E-30A17E2AC2DB}.Release|Mixed Platforms.ActiveCfg = Release|Win32
		{4DF72760-C055-40A5-A77E-30A17E2AC2DB}.Release|Mixed Platforms.Build.0 = Release|Win32
		{4DF72760-C055-40A5-A77E-30A17E2AC2DB}.Release|Win32.ActiveCfg = Release|Win32
		{6908BDCE-D925-43F3-94AC-A531E6DF2591}.Debug|Any CPU.ActiveCfg = Debug|Any CPU
		{6908BDCE-D925-43F3-94AC-A531E6DF2591}.Debug|Any CPU.Build.0 = Debug|Any CPU
		{6908BDCE-D925-43F3-94AC-A531E6DF2591}.Debug|Mixed Platforms.ActiveCfg = Debug|Any CPU
		{6908BDCE-D925-43F3-94AC-A531E6DF2591}.Debug|Mixed Platforms.Build.0 = Debug|Any CPU
		{6908BDCE-D925-43F3-94AC-A531E6DF2591}.Debug|Win32.ActiveCfg = Debug|Any CPU
		{6908BDCE-D925-43F3-94AC-A531E6DF2591}.Debug|Win32.Build.0 = Debug|Any CPU
		{6908BDCE-D925-43F3-94AC-A531E6DF2591}.Release|Any CPU.ActiveCfg = Release|Any CPU
		{6908BDCE-D925-43F3-94AC-A531E6DF2591}.Release|Any CPU.Build.0 = Release|Any CPU
		{6908BDCE-D925-43F3-94AC-A531E6DF2591}.Release|Mixed Platforms.ActiveCfg = Release|Any CPU
		{6908BDCE-D925-43F3-94AC-A531E6DF2591}.Release|Mixed Platforms.Build.0 = Release|Any CPU
		{6908BDCE-D925-43F3-94AC-A531E6DF2591}.Release|Win32.ActiveCfg = Release|Any CPU
		{6908BDCE-D925-43F3-94AC-A531E6DF2591}.Release|Win32.Build.0 = Release|Any CPU
		{DD01ED24-3750-4567-9A23-1DB676A15610}.Debug|Any CPU.ActiveCfg = Debug|Any CPU
		{DD01ED24-3750-4567-9A23-1DB676A15610}.Debug|Any CPU.Build.0 = Debug|Any CPU
		{DD01ED24-3750-4567-9A23-1DB676A15610}.Debug|Mixed Platforms.ActiveCfg = Debug|Any CPU
		{DD01ED24-3750-4567-9A23-1DB676A15610}.Debug|Mixed Platforms.Build.0 = Debug|Any CPU
		{DD01ED24-3750-4567-9A23-1DB676A15610}.Debug|Win32.ActiveCfg = Debug|Any CPU
		{DD01ED24-3750-4567-9A23-1DB676A15610}.Debug|Win32.Build.0 = Debug|Any CPU
		{DD01ED24-3750-4567-9A23-1DB676A15610}.Release|Any CPU.ActiveCfg = Release|Any CPU
		{DD01ED24-3750-4567-9A23-1DB676A15610}.Release|Any CPU.Build.0 = Release|Any CPU
		{DD01ED24-3750-4567-9A23-1DB676A15610}.Release|Mixed Platforms.ActiveCfg = Release|Any CPU
		{DD01ED24-3750-4567-9A23-1DB676A15610}.Release|Mixed Platforms.Build.0 = Release|Any CPU
		{DD01ED24-3750-4567-9A23-1DB676A15610}.Release|Win32.ActiveCfg = Release|Any CPU
		{DD01ED24-3750-4567-9A23-1DB676A15610}.Release|Win32.Build.0 = Release|Any CPU
		{BFA454A0-63F3-4850-BE9C-8CACD242EB50}.Debug|Any CPU.ActiveCfg = Debug|Any CPU
		{BFA454A0-63F3-4850-BE9C-8CACD242EB50}.Debug|Any CPU.Build.0 = Debug|Any CPU
		{BFA454A0-63F3-4850-BE9C-8CACD242EB50}.Debug|Mixed Platforms.ActiveCfg = Debug|Any CPU
		{BFA454A0-63F3-4850-BE9C-8CACD242EB50}.Debug|Mixed Platforms.Build.0 = Debug|Any CPU
		{BFA454A0-63F3-4850-BE9C-8CACD242EB50}.Debug|Win32.ActiveCfg = Debug|Any CPU
		{BFA454A0-63F3-4850-BE9C-8CACD242EB50}.Debug|Win32.Build.0 = Debug|Any CPU
		{BFA454A0-63F3-4850-BE9C-8CACD242EB50}.Release|Any CPU.ActiveCfg = Release|Any CPU
		{BFA454A0-63F3-4850-BE9C-8CACD242EB50}.Release|Any CPU.Build.0 = Release|Any CPU
		{BFA454A0-63F3-4850-BE9C-8CACD242EB50}.Release|Mixed Platforms.ActiveCfg = Release|Any CPU
		{BFA454A0-63F3-4850-BE9C-8CACD242EB50}.Release|Mixed Platforms.Build.0 = Release|Any CPU
		{BFA454A0-63F3-4850-BE9C-8CACD242EB50}.Release|Win32.ActiveCfg = Release|Any CPU
		{BFA454A0-63F3-4850-BE9C-8CACD242EB50}.Release|Win32.Build.0 = Release|Any CPU
		{250ADE34-82FD-4BAE-86D5-985FBE589C4A}.Debug|Any CPU.ActiveCfg = Debug|Any CPU
		{250ADE34-82FD-4BAE-86D5-985FBE589C4A}.Debug|Any CPU.Build.0 = Debug|Any CPU
		{250ADE34-82FD-4BAE-86D5-985FBE589C4A}.Debug|Mixed Platforms.ActiveCfg = Debug|Any CPU
		{250ADE34-82FD-4BAE-86D5-985FBE589C4A}.Debug|Mixed Platforms.Build.0 = Debug|Any CPU
		{250ADE34-82FD-4BAE-86D5-985FBE589C4A}.Debug|Win32.ActiveCfg = Debug|Any CPU
		{250ADE34-82FD-4BAE-86D5-985FBE589C4A}.Debug|Win32.Build.0 = Debug|Any CPU
		{250ADE34-82FD-4BAE-86D5-985FBE589C4A}.Release|Any CPU.ActiveCfg = Release|Any CPU
		{250ADE34-82FD-4BAE-86D5-985FBE589C4A}.Release|Any CPU.Build.0 = Release|Any CPU
		{250ADE34-82FD-4BAE-86D5-985FBE589C4A}.Release|Mixed Platforms.ActiveCfg = Release|Any CPU
		{250ADE34-82FD-4BAE-86D5-985FBE589C4A}.Release|Mixed Platforms.Build.0 = Release|Any CPU
		{250ADE34-82FD-4BAE-86D5-985FBE589C4A}.Release|Win32.ActiveCfg = Release|Any CPU
		{250ADE34-82FD-4BAE-86D5-985FBE589C4A}.Release|Win32.Build.0 = Release|Any CPU
		{C268DA4C-4004-47DA-AF23-44C983281A68}.Debug|Any CPU.ActiveCfg = Debug|Any CPU
		{C268DA4C-4004-47DA-AF23-44C983281A68}.Debug|Any CPU.Build.0 = Debug|Any CPU
		{C268DA4C-4004-47DA-AF23-44C983281A68}.Debug|Mixed Platforms.ActiveCfg = Debug|Any CPU
		{C268DA4C-4004-47DA-AF23-44C983281A68}.Debug|Mixed Platforms.Build.0 = Debug|Any CPU
		{C268DA4C-4004-47DA-AF23-44C983281A68}.Debug|Win32.ActiveCfg = Debug|Any CPU
		{C268DA4C-4004-47DA-AF23-44C983281A68}.Debug|Win32.Build.0 = Debug|Any CPU
		{C268DA4C-4004-47DA-AF23-44C983281A68}.Release|Any CPU.ActiveCfg = Release|Any CPU
		{C268DA4C-4004-47DA-AF23-44C983281A68}.Release|Any CPU.Build.0 = Release|Any CPU
		{C268DA4C-4004-47DA-AF23-44C983281A68}.Release|Mixed Platforms.ActiveCfg = Release|Any CPU
		{C268DA4C-4004-47DA-AF23-44C983281A68}.Release|Mixed Platforms.Build.0 = Release|Any CPU
		{C268DA4C-4004-47DA-AF23-44C983281A68}.Release|Win32.ActiveCfg = Release|Any CPU
		{C268DA4C-4004-47DA-AF23-44C983281A68}.Release|Win32.Build.0 = Release|Any CPU
	EndGlobalSection
	GlobalSection(SolutionProperties) = preSolution
		HideSolutionNode = FALSE
	EndGlobalSection
EndGlobal
