
Microsoft Visual Studio Solution File, Format Version 11.00
# Visual Studio 2010
Project("{FAE04EC0-301F-11D3-BF4B-00C04F79EFBC}") = "ProtocolBuffers", "ProtocolBuffers\ProtocolBuffers.csproj", "{6908BDCE-D925-43F3-94AC-A531E6DF2591}"
EndProject
Project("{FAE04EC0-301F-11D3-BF4B-00C04F79EFBC}") = "ProtocolBuffers.Test", "ProtocolBuffers.Test\ProtocolBuffers.Test.csproj", "{DD01ED24-3750-4567-9A23-1DB676A15610}"
EndProject
Project("{FAE04EC0-301F-11D3-BF4B-00C04F79EFBC}") = "ProtoGen", "ProtoGen\ProtoGen.csproj", "{250ADE34-82FD-4BAE-86D5-985FBE589C4A}"
EndProject
Project("{FAE04EC0-301F-11D3-BF4B-00C04F79EFBC}") = "ProtoGen.Test", "ProtoGen.Test\ProtoGen.Test.csproj", "{C268DA4C-4004-47DA-AF23-44C983281A68}"
EndProject
Project("{FAE04EC0-301F-11D3-BF4B-00C04F79EFBC}") = "AddressBook", "AddressBook\AddressBook.csproj", "{A31F5FB2-4FF3-432A-B35B-5CD203606311}"
EndProject
Project("{FAE04EC0-301F-11D3-BF4B-00C04F79EFBC}") = "ProtoMunge", "ProtoMunge\ProtoMunge.csproj", "{8F09AF72-3327-4FA7-BC09-070B80221AB9}"
EndProject
Project("{FAE04EC0-301F-11D3-BF4B-00C04F79EFBC}") = "ProtoBench", "ProtoBench\ProtoBench.csproj", "{C7A4A435-2813-41C8-AA87-BD914BA5223D}"
EndProject
Project("{FAE04EC0-301F-11D3-BF4B-00C04F79EFBC}") = "ProtoDump", "ProtoDump\ProtoDump.csproj", "{D7282E99-2DC3-405B-946F-177DB2FD2AE2}"
EndProject
Global
	GlobalSection(SolutionConfigurationPlatforms) = preSolution
		Debug|Any CPU = Debug|Any CPU
		Release|Any CPU = Release|Any CPU
		Silverlight2|Any CPU = Silverlight2|Any CPU
	EndGlobalSection
	GlobalSection(ProjectConfigurationPlatforms) = postSolution
		{6908BDCE-D925-43F3-94AC-A531E6DF2591}.Debug|Any CPU.ActiveCfg = Debug|Any CPU
		{6908BDCE-D925-43F3-94AC-A531E6DF2591}.Debug|Any CPU.Build.0 = Debug|Any CPU
		{6908BDCE-D925-43F3-94AC-A531E6DF2591}.Release|Any CPU.ActiveCfg = Release|Any CPU
		{6908BDCE-D925-43F3-94AC-A531E6DF2591}.Release|Any CPU.Build.0 = Release|Any CPU
		{6908BDCE-D925-43F3-94AC-A531E6DF2591}.Silverlight2|Any CPU.ActiveCfg = Silverlight2|Any CPU
		{6908BDCE-D925-43F3-94AC-A531E6DF2591}.Silverlight2|Any CPU.Build.0 = Silverlight2|Any CPU
		{DD01ED24-3750-4567-9A23-1DB676A15610}.Debug|Any CPU.ActiveCfg = Debug|Any CPU
		{DD01ED24-3750-4567-9A23-1DB676A15610}.Debug|Any CPU.Build.0 = Debug|Any CPU
		{DD01ED24-3750-4567-9A23-1DB676A15610}.Release|Any CPU.ActiveCfg = Release|Any CPU
		{DD01ED24-3750-4567-9A23-1DB676A15610}.Release|Any CPU.Build.0 = Release|Any CPU
		{DD01ED24-3750-4567-9A23-1DB676A15610}.Silverlight2|Any CPU.ActiveCfg = Silverlight2|Any CPU
		{DD01ED24-3750-4567-9A23-1DB676A15610}.Silverlight2|Any CPU.Build.0 = Silverlight2|Any CPU
		{250ADE34-82FD-4BAE-86D5-985FBE589C4A}.Debug|Any CPU.ActiveCfg = Debug|Any CPU
		{250ADE34-82FD-4BAE-86D5-985FBE589C4A}.Debug|Any CPU.Build.0 = Debug|Any CPU
		{250ADE34-82FD-4BAE-86D5-985FBE589C4A}.Release|Any CPU.ActiveCfg = Release|Any CPU
		{250ADE34-82FD-4BAE-86D5-985FBE589C4A}.Release|Any CPU.Build.0 = Release|Any CPU
		{250ADE34-82FD-4BAE-86D5-985FBE589C4A}.Silverlight2|Any CPU.ActiveCfg = Silverlight2|Any CPU
		{250ADE34-82FD-4BAE-86D5-985FBE589C4A}.Silverlight2|Any CPU.Build.0 = Silverlight2|Any CPU
		{C268DA4C-4004-47DA-AF23-44C983281A68}.Debug|Any CPU.ActiveCfg = Debug|Any CPU
		{C268DA4C-4004-47DA-AF23-44C983281A68}.Debug|Any CPU.Build.0 = Debug|Any CPU
		{C268DA4C-4004-47DA-AF23-44C983281A68}.Release|Any CPU.ActiveCfg = Release|Any CPU
		{C268DA4C-4004-47DA-AF23-44C983281A68}.Release|Any CPU.Build.0 = Release|Any CPU
		{C268DA4C-4004-47DA-AF23-44C983281A68}.Silverlight2|Any CPU.ActiveCfg = Silverlight2|Any CPU
		{C268DA4C-4004-47DA-AF23-44C983281A68}.Silverlight2|Any CPU.Build.0 = Silverlight2|Any CPU
		{A31F5FB2-4FF3-432A-B35B-5CD203606311}.Debug|Any CPU.ActiveCfg = Debug|Any CPU
		{A31F5FB2-4FF3-432A-B35B-5CD203606311}.Debug|Any CPU.Build.0 = Debug|Any CPU
		{A31F5FB2-4FF3-432A-B35B-5CD203606311}.Release|Any CPU.ActiveCfg = Release|Any CPU
		{A31F5FB2-4FF3-432A-B35B-5CD203606311}.Release|Any CPU.Build.0 = Release|Any CPU
		{A31F5FB2-4FF3-432A-B35B-5CD203606311}.Silverlight2|Any CPU.ActiveCfg = Silverlight2|Any CPU
		{A31F5FB2-4FF3-432A-B35B-5CD203606311}.Silverlight2|Any CPU.Build.0 = Silverlight2|Any CPU
		{8F09AF72-3327-4FA7-BC09-070B80221AB9}.Debug|Any CPU.ActiveCfg = Debug|Any CPU
		{8F09AF72-3327-4FA7-BC09-070B80221AB9}.Debug|Any CPU.Build.0 = Debug|Any CPU
		{8F09AF72-3327-4FA7-BC09-070B80221AB9}.Release|Any CPU.ActiveCfg = Release|Any CPU
		{8F09AF72-3327-4FA7-BC09-070B80221AB9}.Release|Any CPU.Build.0 = Release|Any CPU
		{8F09AF72-3327-4FA7-BC09-070B80221AB9}.Silverlight2|Any CPU.ActiveCfg = Silverlight2|Any CPU
		{8F09AF72-3327-4FA7-BC09-070B80221AB9}.Silverlight2|Any CPU.Build.0 = Silverlight2|Any CPU
		{C7A4A435-2813-41C8-AA87-BD914BA5223D}.Debug|Any CPU.ActiveCfg = Debug|Any CPU
		{C7A4A435-2813-41C8-AA87-BD914BA5223D}.Debug|Any CPU.Build.0 = Debug|Any CPU
		{C7A4A435-2813-41C8-AA87-BD914BA5223D}.Release|Any CPU.ActiveCfg = Release|Any CPU
		{C7A4A435-2813-41C8-AA87-BD914BA5223D}.Release|Any CPU.Build.0 = Release|Any CPU
		{C7A4A435-2813-41C8-AA87-BD914BA5223D}.Silverlight2|Any CPU.ActiveCfg = Silverlight2|Any CPU
		{C7A4A435-2813-41C8-AA87-BD914BA5223D}.Silverlight2|Any CPU.Build.0 = Silverlight2|Any CPU
		{D7282E99-2DC3-405B-946F-177DB2FD2AE2}.Debug|Any CPU.ActiveCfg = Debug|Any CPU
		{D7282E99-2DC3-405B-946F-177DB2FD2AE2}.Debug|Any CPU.Build.0 = Debug|Any CPU
		{D7282E99-2DC3-405B-946F-177DB2FD2AE2}.Release|Any CPU.ActiveCfg = Release|Any CPU
		{D7282E99-2DC3-405B-946F-177DB2FD2AE2}.Release|Any CPU.Build.0 = Release|Any CPU
		{D7282E99-2DC3-405B-946F-177DB2FD2AE2}.Silverlight2|Any CPU.ActiveCfg = Silverlight2|Any CPU
		{D7282E99-2DC3-405B-946F-177DB2FD2AE2}.Silverlight2|Any CPU.Build.0 = Silverlight2|Any CPU
	EndGlobalSection
	GlobalSection(SolutionProperties) = preSolution
		HideSolutionNode = FALSE
	EndGlobalSection
EndGlobal
